{
    "version": 3,
    "terraform_version": "0.12.31",
    "serial": 1,
    "lineage": "641f38e1-5c22-f33d-6bf6-1d5f43ed0d5c",
    "modules": [
        {
            "path": [
                "root"
            ],
            "outputs": {
                "aws_securityhub_account_tfer--253157413163_id": {
                    "sensitive": false,
                    "type": "string",
                    "value": "253157413163"
                },
                "aws_securityhub_standards_subscription_tfer--arn-003A-aws-003A-securityhub-003A-ap-northeast-2-003A-253157413163-003A-subscription-002F-aws-foundational-security-best-practices-002F-v-002F-1-002E-0-002E-0_id": {
                    "sensitive": false,
                    "type": "string",
                    "value": "arn:aws:securityhub:ap-northeast-2:253157413163:subscription/aws-foundational-security-best-practices/v/1.0.0"
                },
                "aws_securityhub_standards_subscription_tfer--arn-003A-aws-003A-securityhub-003A-ap-northeast-2-003A-253157413163-003A-subscription-002F-cis-aws-foundations-benchmark-002F-v-002F-1-002E-2-002E-0_id": {
                    "sensitive": false,
                    "type": "string",
                    "value": "arn:aws:securityhub:ap-northeast-2:253157413163:subscription/cis-aws-foundations-benchmark/v/1.2.0"
                }
            },
            "resources": {
                "aws_securityhub_account.tfer--253157413163": {
                    "type": "aws_securityhub_account",
                    "depends_on": [],
                    "primary": {
                        "id": "253157413163",
                        "attributes": {
                            "arn": "arn:aws:securityhub:ap-northeast-2:253157413163:hub/default",
                            "auto_enable_controls": "true",
                            "control_finding_generator": "SECURITY_CONTROL",
                            "enable_default_standards": "false",
                            "id": "253157413163"
                        },
                        "meta": {
                            "schema_version": 1
                        },
                        "tainted": false
                    },
                    "deposed": [],
                    "provider": "provider.aws"
                },
                "aws_securityhub_standards_subscription.tfer--arn-003A-aws-003A-securityhub-003A-ap-northeast-2-003A-253157413163-003A-subscription-002F-aws-foundational-security-best-practices-002F-v-002F-1-002E-0-002E-0": {
                    "type": "aws_securityhub_standards_subscription",
                    "depends_on": [],
                    "primary": {
                        "id": "arn:aws:securityhub:ap-northeast-2:253157413163:subscription/aws-foundational-security-best-practices/v/1.0.0",
                        "attributes": {
                            "id": "arn:aws:securityhub:ap-northeast-2:253157413163:subscription/aws-foundational-security-best-practices/v/1.0.0",
                            "standards_arn": "arn:aws:securityhub:ap-northeast-2::standards/aws-foundational-security-best-practices/v/1.0.0"
                        },
                        "meta": {
                            "schema_version": 0
                        },
                        "tainted": false
                    },
                    "deposed": [],
                    "provider": "provider.aws"
                },
                "aws_securityhub_standards_subscription.tfer--arn-003A-aws-003A-securityhub-003A-ap-northeast-2-003A-253157413163-003A-subscription-002F-cis-aws-foundations-benchmark-002F-v-002F-1-002E-2-002E-0": {
                    "type": "aws_securityhub_standards_subscription",
                    "depends_on": [],
                    "primary": {
                        "id": "arn:aws:securityhub:ap-northeast-2:253157413163:subscription/cis-aws-foundations-benchmark/v/1.2.0",
                        "attributes": {
                            "id": "arn:aws:securityhub:ap-northeast-2:253157413163:subscription/cis-aws-foundations-benchmark/v/1.2.0",
                            "standards_arn": "arn:aws:securityhub:::ruleset/cis-aws-foundations-benchmark/v/1.2.0"
                        },
                        "meta": {
                            "schema_version": 0
                        },
                        "tainted": false
                    },
                    "deposed": [],
                    "provider": "provider.aws"
                }
            },
            "depends_on": []
        }
    ]
}
