{
    "version": 3,
    "terraform_version": "0.12.31",
    "serial": 1,
    "lineage": "6f3b08aa-947c-895b-4e27-031e74e299f7",
    "modules": [
        {
            "path": [
                "root"
            ],
            "outputs": {
                "aws_iam_access_key_tfer--AKIATV4K3SEVRGWVFPDJ_id": {
                    "sensitive": false,
                    "type": "string",
                    "value": "AKIATV4K3SEVRGWVFPDJ"
                },
                "aws_iam_access_key_tfer--AKIATV4K3SEVT3X2PZ6C_id": {
                    "sensitive": false,
                    "type": "string",
                    "value": "AKIATV4K3SEVT3X2PZ6C"
                },
                "aws_iam_access_key_tfer--AKIATV4K3SEVT52CYZNC_id": {
                    "sensitive": false,
                    "type": "string",
                    "value": "AKIATV4K3SEVT52CYZNC"
                },
                "aws_iam_access_key_tfer--AKIATV4K3SEVTRB3OKXT_id": {
                    "sensitive": false,
                    "type": "string",
                    "value": "AKIATV4K3SEVTRB3OKXT"
                },
                "aws_iam_access_key_tfer--AKIATV4K3SEVUAG3ZO3S_id": {
                    "sensitive": false,
                    "type": "string",
                    "value": "AKIATV4K3SEVUAG3ZO3S"
                },
                "aws_iam_access_key_tfer--AKIATV4K3SEVW677O2UM_id": {
                    "sensitive": false,
                    "type": "string",
                    "value": "AKIATV4K3SEVW677O2UM"
                },
                "aws_iam_access_key_tfer--AKIATV4K3SEVZFNDN7UE_id": {
                    "sensitive": false,
                    "type": "string",
                    "value": "AKIATV4K3SEVZFNDN7UE"
                },
                "aws_iam_group_policy_attachment_tfer--Administer_AdministratorAccess_id": {
                    "sensitive": false,
                    "type": "string",
                    "value": "Administer/arn:aws:iam::aws:policy/AdministratorAccess"
                },
                "aws_iam_group_policy_attachment_tfer--PowerUsers_PowerUserAccess_id": {
                    "sensitive": false,
                    "type": "string",
                    "value": "PowerUsers/arn:aws:iam::aws:policy/PowerUserAccess"
                },
                "aws_iam_group_tfer--Administer_id": {
                    "sensitive": false,
                    "type": "string",
                    "value": "Administer"
                },
                "aws_iam_group_tfer--PowerUsers_id": {
                    "sensitive": false,
                    "type": "string",
                    "value": "PowerUsers"
                },
                "aws_iam_group_tfer--ServiceUserGroup_id": {
                    "sensitive": false,
                    "type": "string",
                    "value": "ServiceUserGroup"
                },
                "aws_iam_group_tfer--SplunkAdmin_id": {
                    "sensitive": false,
                    "type": "string",
                    "value": "SplunkAdmin"
                },
                "aws_iam_instance_profile_tfer--EC2CloudWatchRule_id": {
                    "sensitive": false,
                    "type": "string",
                    "value": "EC2CloudWatchRule"
                },
                "aws_iam_instance_profile_tfer--SimpleBlogEC2Role_id": {
                    "sensitive": false,
                    "type": "string",
                    "value": "SimpleBlogEC2Role"
                },
                "aws_iam_instance_profile_tfer--ec2-ecr-full-access_id": {
                    "sensitive": false,
                    "type": "string",
                    "value": "ec2-ecr-full-access"
                },
                "aws_iam_policy_tfer--CWLtoKinesisPolicy_id": {
                    "sensitive": false,
                    "type": "string",
                    "value": "arn:aws:iam::253157413163:policy/CWLtoKinesisPolicy"
                },
                "aws_iam_policy_tfer--CloudTrail-CloudWatch-Logs-Policy_id": {
                    "sensitive": false,
                    "type": "string",
                    "value": "arn:aws:iam::253157413163:policy/CloudTrail-CloudWatch-Logs-Policy"
                },
                "aws_iam_policy_tfer--Cloudtrail-CW-access-policy-test-cloudtrail-logs-52d5f29b-6727-451a-9308-3bda693dd917_id": {
                    "sensitive": false,
                    "type": "string",
                    "value": "arn:aws:iam::253157413163:policy/service-role/Cloudtrail-CW-access-policy-test-cloudtrail-logs-52d5f29b-6727-451a-9308-3bda693dd917"
                },
                "aws_iam_policy_tfer--CustomEKSClusterolicy_id": {
                    "sensitive": false,
                    "type": "string",
                    "value": "arn:aws:iam::253157413163:policy/CustomEKSClusterolicy"
                },
                "aws_iam_policy_tfer--ECS_FARGATE_id": {
                    "sensitive": false,
                    "type": "string",
                    "value": "arn:aws:iam::253157413163:policy/ECS_FARGATE"
                },
                "aws_iam_policy_tfer--SimpleBlogS3Policy_id": {
                    "sensitive": false,
                    "type": "string",
                    "value": "arn:aws:iam::253157413163:policy/SimpleBlogS3Policy"
                },
                "aws_iam_policy_tfer--SplunkAdminMinimumPolicy_id": {
                    "sensitive": false,
                    "type": "string",
                    "value": "arn:aws:iam::253157413163:policy/SplunkAdminMinimumPolicy"
                },
                "aws_iam_role_policy_attachment_tfer--AWSReservedSSO_ec2-dav_4cd2effaee51ed53_AmazonEC2FullAccess_id": {
                    "sensitive": false,
                    "type": "string",
                    "value": "AWSReservedSSO_ec2-dav_4cd2effaee51ed53/arn:aws:iam::aws:policy/AmazonEC2FullAccess"
                },
                "aws_iam_role_policy_attachment_tfer--AWSServiceRoleForAmazonEKSNodegroup_AWSServiceRoleForAmazonEKSNodegroup_id": {
                    "sensitive": false,
                    "type": "string",
                    "value": "AWSServiceRoleForAmazonEKSNodegroup/arn:aws:iam::aws:policy/aws-service-role/AWSServiceRoleForAmazonEKSNodegroup"
                },
                "aws_iam_role_policy_attachment_tfer--AWSServiceRoleForAmazonEKS_AmazonEKSServiceRolePolicy_id": {
                    "sensitive": false,
                    "type": "string",
                    "value": "AWSServiceRoleForAmazonEKS/arn:aws:iam::aws:policy/aws-service-role/AmazonEKSServiceRolePolicy"
                },
                "aws_iam_role_policy_attachment_tfer--AWSServiceRoleForAmazonGuardDutyMalwareProtection_AmazonGuardDutyMalwareProtectionServiceRolePolicy_id": {
                    "sensitive": false,
                    "type": "string",
                    "value": "AWSServiceRoleForAmazonGuardDutyMalwareProtection/arn:aws:iam::aws:policy/aws-service-role/AmazonGuardDutyMalwareProtectionServiceRolePolicy"
                },
                "aws_iam_role_policy_attachment_tfer--AWSServiceRoleForAmazonGuardDuty_AmazonGuardDutyServiceRolePolicy_id": {
                    "sensitive": false,
                    "type": "string",
                    "value": "AWSServiceRoleForAmazonGuardDuty/arn:aws:iam::aws:policy/aws-service-role/AmazonGuardDutyServiceRolePolicy"
                },
                "aws_iam_role_policy_attachment_tfer--AWSServiceRoleForAutoScaling_AutoScalingServiceRolePolicy_id": {
                    "sensitive": false,
                    "type": "string",
                    "value": "AWSServiceRoleForAutoScaling/arn:aws:iam::aws:policy/aws-service-role/AutoScalingServiceRolePolicy"
                },
                "aws_iam_role_policy_attachment_tfer--AWSServiceRoleForCloudTrail_CloudTrailServiceRolePolicy_id": {
                    "sensitive": false,
                    "type": "string",
                    "value": "AWSServiceRoleForCloudTrail/arn:aws:iam::aws:policy/aws-service-role/CloudTrailServiceRolePolicy"
                },
                "aws_iam_role_policy_attachment_tfer--AWSServiceRoleForECS_AmazonECSServiceRolePolicy_id": {
                    "sensitive": false,
                    "type": "string",
                    "value": "AWSServiceRoleForECS/arn:aws:iam::aws:policy/aws-service-role/AmazonECSServiceRolePolicy"
                },
                "aws_iam_role_policy_attachment_tfer--AWSServiceRoleForElasticLoadBalancing_AWSElasticLoadBalancingServiceRolePolicy_id": {
                    "sensitive": false,
                    "type": "string",
                    "value": "AWSServiceRoleForElasticLoadBalancing/arn:aws:iam::aws:policy/aws-service-role/AWSElasticLoadBalancingServiceRolePolicy"
                },
                "aws_iam_role_policy_attachment_tfer--AWSServiceRoleForGlobalAccelerator_AWSGlobalAcceleratorSLRPolicy_id": {
                    "sensitive": false,
                    "type": "string",
                    "value": "AWSServiceRoleForGlobalAccelerator/arn:aws:iam::aws:policy/aws-service-role/AWSGlobalAcceleratorSLRPolicy"
                },
                "aws_iam_role_policy_attachment_tfer--AWSServiceRoleForOrganizations_AWSOrganizationsServiceTrustPolicy_id": {
                    "sensitive": false,
                    "type": "string",
                    "value": "AWSServiceRoleForOrganizations/arn:aws:iam::aws:policy/aws-service-role/AWSOrganizationsServiceTrustPolicy"
                },
                "aws_iam_role_policy_attachment_tfer--AWSServiceRoleForRDS_AmazonRDSServiceRolePolicy_id": {
                    "sensitive": false,
                    "type": "string",
                    "value": "AWSServiceRoleForRDS/arn:aws:iam::aws:policy/aws-service-role/AmazonRDSServiceRolePolicy"
                },
                "aws_iam_role_policy_attachment_tfer--AWSServiceRoleForSSO_AWSSSOServiceRolePolicy_id": {
                    "sensitive": false,
                    "type": "string",
                    "value": "AWSServiceRoleForSSO/arn:aws:iam::aws:policy/aws-service-role/AWSSSOServiceRolePolicy"
                },
                "aws_iam_role_policy_attachment_tfer--AWSServiceRoleForSecurityHub_AWSSecurityHubServiceRolePolicy_id": {
                    "sensitive": false,
                    "type": "string",
                    "value": "AWSServiceRoleForSecurityHub/arn:aws:iam::aws:policy/aws-service-role/AWSSecurityHubServiceRolePolicy"
                },
                "aws_iam_role_policy_attachment_tfer--AWSServiceRoleForSupport_AWSSupportServiceRolePolicy_id": {
                    "sensitive": false,
                    "type": "string",
                    "value": "AWSServiceRoleForSupport/arn:aws:iam::aws:policy/aws-service-role/AWSSupportServiceRolePolicy"
                },
                "aws_iam_role_policy_attachment_tfer--AWSServiceRoleForTrustedAdvisor_AWSTrustedAdvisorServiceRolePolicy_id": {
                    "sensitive": false,
                    "type": "string",
                    "value": "AWSServiceRoleForTrustedAdvisor/arn:aws:iam::aws:policy/aws-service-role/AWSTrustedAdvisorServiceRolePolicy"
                },
                "aws_iam_role_policy_attachment_tfer--AmazonEKSAutoClusterRole_AmazonEKSBlockStoragePolicy_id": {
                    "sensitive": false,
                    "type": "string",
                    "value": "AmazonEKSAutoClusterRole/arn:aws:iam::aws:policy/AmazonEKSBlockStoragePolicy"
                },
                "aws_iam_role_policy_attachment_tfer--AmazonEKSAutoClusterRole_AmazonEKSClusterPolicy_id": {
                    "sensitive": false,
                    "type": "string",
                    "value": "AmazonEKSAutoClusterRole/arn:aws:iam::aws:policy/AmazonEKSClusterPolicy"
                },
                "aws_iam_role_policy_attachment_tfer--AmazonEKSAutoClusterRole_AmazonEKSComputePolicy_id": {
                    "sensitive": false,
                    "type": "string",
                    "value": "AmazonEKSAutoClusterRole/arn:aws:iam::aws:policy/AmazonEKSComputePolicy"
                },
                "aws_iam_role_policy_attachment_tfer--AmazonEKSAutoClusterRole_AmazonEKSLoadBalancingPolicy_id": {
                    "sensitive": false,
                    "type": "string",
                    "value": "AmazonEKSAutoClusterRole/arn:aws:iam::aws:policy/AmazonEKSLoadBalancingPolicy"
                },
                "aws_iam_role_policy_attachment_tfer--AmazonEKSAutoClusterRole_AmazonEKSNetworkingPolicy_id": {
                    "sensitive": false,
                    "type": "string",
                    "value": "AmazonEKSAutoClusterRole/arn:aws:iam::aws:policy/AmazonEKSNetworkingPolicy"
                },
                "aws_iam_role_policy_attachment_tfer--AmazonEKSAutoNodeRole_AmazonEC2ContainerRegistryReadOnly_id": {
                    "sensitive": false,
                    "type": "string",
                    "value": "AmazonEKSAutoNodeRole/arn:aws:iam::aws:policy/AmazonEC2ContainerRegistryReadOnly"
                },
                "aws_iam_role_policy_attachment_tfer--AmazonEKSAutoNodeRole_AmazonEKSWorkerNodePolicy_id": {
                    "sensitive": false,
                    "type": "string",
                    "value": "AmazonEKSAutoNodeRole/arn:aws:iam::aws:policy/AmazonEKSWorkerNodePolicy"
                },
                "aws_iam_role_policy_attachment_tfer--CWLtoKinesisRole_CWLtoKinesisPolicy_id": {
                    "sensitive": false,
                    "type": "string",
                    "value": "CWLtoKinesisRole/arn:aws:iam::253157413163:policy/CWLtoKinesisPolicy"
                },
                "aws_iam_role_policy_attachment_tfer--CloudTrail_CloudWatchLogs_Role_Cloudtrail-CW-access-policy-test-cloudtrail-logs-52d5f29b-6727-451a-9308-3bda693dd917_id": {
                    "sensitive": false,
                    "type": "string",
                    "value": "CloudTrail_CloudWatchLogs_Role/arn:aws:iam::253157413163:policy/service-role/Cloudtrail-CW-access-policy-test-cloudtrail-logs-52d5f29b-6727-451a-9308-3bda693dd917"
                },
                "aws_iam_role_policy_attachment_tfer--CloudtrailRole_CloudTrail-CloudWatch-Logs-Policy_id": {
                    "sensitive": false,
                    "type": "string",
                    "value": "CloudtrailRole/arn:aws:iam::253157413163:policy/CloudTrail-CloudWatch-Logs-Policy"
                },
                "aws_iam_role_policy_attachment_tfer--EC2CloudWatchRule_CloudWatchAgentServerPolicy_id": {
                    "sensitive": false,
                    "type": "string",
                    "value": "EC2CloudWatchRule/arn:aws:iam::aws:policy/CloudWatchAgentServerPolicy"
                },
                "aws_iam_role_policy_attachment_tfer--SimpleBlogEC2Role_AmazonEC2ContainerRegistryPowerUser_id": {
                    "sensitive": false,
                    "type": "string",
                    "value": "SimpleBlogEC2Role/arn:aws:iam::aws:policy/AmazonEC2ContainerRegistryPowerUser"
                },
                "aws_iam_role_policy_attachment_tfer--SimpleBlogEC2Role_SimpleBlogS3Policy_id": {
                    "sensitive": false,
                    "type": "string",
                    "value": "SimpleBlogEC2Role/arn:aws:iam::253157413163:policy/SimpleBlogS3Policy"
                },
                "aws_iam_role_policy_attachment_tfer--ec2-ecr-full-access_AmazonEC2ContainerRegistryFullAccess_id": {
                    "sensitive": false,
                    "type": "string",
                    "value": "ec2-ecr-full-access/arn:aws:iam::aws:policy/AmazonEC2ContainerRegistryFullAccess"
                },
                "aws_iam_role_policy_attachment_tfer--rds-monitoring-role_AmazonRDSEnhancedMonitoringRole_id": {
                    "sensitive": false,
                    "type": "string",
                    "value": "rds-monitoring-role/arn:aws:iam::aws:policy/service-role/AmazonRDSEnhancedMonitoringRole"
                },
                "aws_iam_role_policy_tfer--AmazonEKSAutoNodeRole_eks-nodegroup-s3-access-policy_id": {
                    "sensitive": false,
                    "type": "string",
                    "value": "AmazonEKSAutoNodeRole:eks-nodegroup-s3-access-policy"
                },
                "aws_iam_role_tfer--AWSReservedSSO_ec2-dav_4cd2effaee51ed53_id": {
                    "sensitive": false,
                    "type": "string",
                    "value": "AWSReservedSSO_ec2-dav_4cd2effaee51ed53"
                },
                "aws_iam_role_tfer--AWSServiceRoleForAmazonEKSNodegroup_id": {
                    "sensitive": false,
                    "type": "string",
                    "value": "AWSServiceRoleForAmazonEKSNodegroup"
                },
                "aws_iam_role_tfer--AWSServiceRoleForAmazonEKS_id": {
                    "sensitive": false,
                    "type": "string",
                    "value": "AWSServiceRoleForAmazonEKS"
                },
                "aws_iam_role_tfer--AWSServiceRoleForAmazonGuardDutyMalwareProtection_id": {
                    "sensitive": false,
                    "type": "string",
                    "value": "AWSServiceRoleForAmazonGuardDutyMalwareProtection"
                },
                "aws_iam_role_tfer--AWSServiceRoleForAmazonGuardDuty_id": {
                    "sensitive": false,
                    "type": "string",
                    "value": "AWSServiceRoleForAmazonGuardDuty"
                },
                "aws_iam_role_tfer--AWSServiceRoleForAutoScaling_id": {
                    "sensitive": false,
                    "type": "string",
                    "value": "AWSServiceRoleForAutoScaling"
                },
                "aws_iam_role_tfer--AWSServiceRoleForCloudTrail_id": {
                    "sensitive": false,
                    "type": "string",
                    "value": "AWSServiceRoleForCloudTrail"
                },
                "aws_iam_role_tfer--AWSServiceRoleForECS_id": {
                    "sensitive": false,
                    "type": "string",
                    "value": "AWSServiceRoleForECS"
                },
                "aws_iam_role_tfer--AWSServiceRoleForElasticLoadBalancing_id": {
                    "sensitive": false,
                    "type": "string",
                    "value": "AWSServiceRoleForElasticLoadBalancing"
                },
                "aws_iam_role_tfer--AWSServiceRoleForGlobalAccelerator_id": {
                    "sensitive": false,
                    "type": "string",
                    "value": "AWSServiceRoleForGlobalAccelerator"
                },
                "aws_iam_role_tfer--AWSServiceRoleForOrganizations_id": {
                    "sensitive": false,
                    "type": "string",
                    "value": "AWSServiceRoleForOrganizations"
                },
                "aws_iam_role_tfer--AWSServiceRoleForRDS_id": {
                    "sensitive": false,
                    "type": "string",
                    "value": "AWSServiceRoleForRDS"
                },
                "aws_iam_role_tfer--AWSServiceRoleForSSO_id": {
                    "sensitive": false,
                    "type": "string",
                    "value": "AWSServiceRoleForSSO"
                },
                "aws_iam_role_tfer--AWSServiceRoleForSecurityHub_id": {
                    "sensitive": false,
                    "type": "string",
                    "value": "AWSServiceRoleForSecurityHub"
                },
                "aws_iam_role_tfer--AWSServiceRoleForSupport_id": {
                    "sensitive": false,
                    "type": "string",
                    "value": "AWSServiceRoleForSupport"
                },
                "aws_iam_role_tfer--AWSServiceRoleForTrustedAdvisor_id": {
                    "sensitive": false,
                    "type": "string",
                    "value": "AWSServiceRoleForTrustedAdvisor"
                },
                "aws_iam_role_tfer--AmazonEKSAutoClusterRole_id": {
                    "sensitive": false,
                    "type": "string",
                    "value": "AmazonEKSAutoClusterRole"
                },
                "aws_iam_role_tfer--AmazonEKSAutoNodeRole_id": {
                    "sensitive": false,
                    "type": "string",
                    "value": "AmazonEKSAutoNodeRole"
                },
                "aws_iam_role_tfer--CWLtoKinesisRole_id": {
                    "sensitive": false,
                    "type": "string",
                    "value": "CWLtoKinesisRole"
                },
                "aws_iam_role_tfer--CloudTrail_CloudWatchLogs_Role_id": {
                    "sensitive": false,
                    "type": "string",
                    "value": "CloudTrail_CloudWatchLogs_Role"
                },
                "aws_iam_role_tfer--CloudtrailRole_id": {
                    "sensitive": false,
                    "type": "string",
                    "value": "CloudtrailRole"
                },
                "aws_iam_role_tfer--EC2CloudWatchRule_id": {
                    "sensitive": false,
                    "type": "string",
                    "value": "EC2CloudWatchRule"
                },
                "aws_iam_role_tfer--SimpleBlogEC2Role_id": {
                    "sensitive": false,
                    "type": "string",
                    "value": "SimpleBlogEC2Role"
                },
                "aws_iam_role_tfer--ec2-ecr-full-access_id": {
                    "sensitive": false,
                    "type": "string",
                    "value": "ec2-ecr-full-access"
                },
                "aws_iam_role_tfer--rds-monitoring-role_id": {
                    "sensitive": false,
                    "type": "string",
                    "value": "rds-monitoring-role"
                },
                "aws_iam_user_group_membership_tfer--20010304h-002F-PowerUsers_id": {
                    "sensitive": false,
                    "type": "string",
                    "value": "20010304h/PowerUsers"
                },
                "aws_iam_user_group_membership_tfer--admin-002F-Administer_id": {
                    "sensitive": false,
                    "type": "string",
                    "value": "admin/Administer"
                },
                "aws_iam_user_group_membership_tfer--admin-002F-SplunkAdmin_id": {
                    "sensitive": false,
                    "type": "string",
                    "value": "admin/SplunkAdmin"
                },
                "aws_iam_user_group_membership_tfer--blog-s3-user-002F-ServiceUserGroup_id": {
                    "sensitive": false,
                    "type": "string",
                    "value": "blog-s3-user/ServiceUserGroup"
                },
                "aws_iam_user_group_membership_tfer--godori1012-002F-PowerUsers_id": {
                    "sensitive": false,
                    "type": "string",
                    "value": "godori1012/PowerUsers"
                },
                "aws_iam_user_group_membership_tfer--godori1012-002F-SplunkAdmin_id": {
                    "sensitive": false,
                    "type": "string",
                    "value": "godori1012/SplunkAdmin"
                },
                "aws_iam_user_group_membership_tfer--hako5460-002F-PowerUsers_id": {
                    "sensitive": false,
                    "type": "string",
                    "value": "hako5460/PowerUsers"
                },
                "aws_iam_user_group_membership_tfer--splunk-kinesis-reader-002F-ServiceUserGroup_id": {
                    "sensitive": false,
                    "type": "string",
                    "value": "splunk-kinesis-reader/ServiceUserGroup"
                },
                "aws_iam_user_group_membership_tfer--test_user-002F-Administer_id": {
                    "sensitive": false,
                    "type": "string",
                    "value": "test_user/Administer"
                },
                "aws_iam_user_group_membership_tfer--xogoon-002F-PowerUsers_id": {
                    "sensitive": false,
                    "type": "string",
                    "value": "xogoon/PowerUsers"
                },
                "aws_iam_user_policy_attachment_tfer--20010304h_IAMUserChangePassword_id": {
                    "sensitive": false,
                    "type": "string",
                    "value": "20010304h/arn:aws:iam::aws:policy/IAMUserChangePassword"
                },
                "aws_iam_user_policy_attachment_tfer--admin_IAMUserChangePassword_id": {
                    "sensitive": false,
                    "type": "string",
                    "value": "admin/arn:aws:iam::aws:policy/IAMUserChangePassword"
                },
                "aws_iam_user_policy_attachment_tfer--blog-s3-user_SimpleBlogS3Policy_id": {
                    "sensitive": false,
                    "type": "string",
                    "value": "blog-s3-user/arn:aws:iam::253157413163:policy/SimpleBlogS3Policy"
                },
                "aws_iam_user_policy_attachment_tfer--github-actions-deploy-user_AdministratorAccess_id": {
                    "sensitive": false,
                    "type": "string",
                    "value": "github-actions-deploy-user/arn:aws:iam::aws:policy/AdministratorAccess"
                },
                "aws_iam_user_policy_attachment_tfer--github-actions-deploy-user_AmazonEC2ContainerRegistryFullAccess_id": {
                    "sensitive": false,
                    "type": "string",
                    "value": "github-actions-deploy-user/arn:aws:iam::aws:policy/AmazonEC2ContainerRegistryFullAccess"
                },
                "aws_iam_user_policy_attachment_tfer--github-actions-deploy-user_AmazonEKSClusterPolicy_id": {
                    "sensitive": false,
                    "type": "string",
                    "value": "github-actions-deploy-user/arn:aws:iam::aws:policy/AmazonEKSClusterPolicy"
                },
                "aws_iam_user_policy_attachment_tfer--github-actions-deploy-user_AmazonEKSWorkerNodePolicy_id": {
                    "sensitive": false,
                    "type": "string",
                    "value": "github-actions-deploy-user/arn:aws:iam::aws:policy/AmazonEKSWorkerNodePolicy"
                },
                "aws_iam_user_policy_attachment_tfer--godori1012_IAMUserChangePassword_id": {
                    "sensitive": false,
                    "type": "string",
                    "value": "godori1012/arn:aws:iam::aws:policy/IAMUserChangePassword"
                },
                "aws_iam_user_policy_attachment_tfer--hako5460_IAMUserChangePassword_id": {
                    "sensitive": false,
                    "type": "string",
                    "value": "hako5460/arn:aws:iam::aws:policy/IAMUserChangePassword"
                },
                "aws_iam_user_policy_attachment_tfer--k8s_AmazonEC2ContainerRegistryFullAccess_id": {
                    "sensitive": false,
                    "type": "string",
                    "value": "k8s/arn:aws:iam::aws:policy/AmazonEC2ContainerRegistryFullAccess"
                },
                "aws_iam_user_policy_attachment_tfer--k8s_AmazonEKSServicePolicy_id": {
                    "sensitive": false,
                    "type": "string",
                    "value": "k8s/arn:aws:iam::aws:policy/AmazonEKSServicePolicy"
                },
                "aws_iam_user_policy_attachment_tfer--k8s_AmazonEKSVPCResourceController_id": {
                    "sensitive": false,
                    "type": "string",
                    "value": "k8s/arn:aws:iam::aws:policy/AmazonEKSVPCResourceController"
                },
                "aws_iam_user_policy_attachment_tfer--k8s_AmazonEKSWorkerNodePolicy_id": {
                    "sensitive": false,
                    "type": "string",
                    "value": "k8s/arn:aws:iam::aws:policy/AmazonEKSWorkerNodePolicy"
                },
                "aws_iam_user_policy_attachment_tfer--k8s_AmazonEKS_CNI_Policy_id": {
                    "sensitive": false,
                    "type": "string",
                    "value": "k8s/arn:aws:iam::aws:policy/AmazonEKS_CNI_Policy"
                },
                "aws_iam_user_policy_attachment_tfer--k8s_ElasticLoadBalancingFullAccess_id": {
                    "sensitive": false,
                    "type": "string",
                    "value": "k8s/arn:aws:iam::aws:policy/ElasticLoadBalancingFullAccess"
                },
                "aws_iam_user_policy_attachment_tfer--splunk-kinesis-reader_AmazonDynamoDBFullAccess_id": {
                    "sensitive": false,
                    "type": "string",
                    "value": "splunk-kinesis-reader/arn:aws:iam::aws:policy/AmazonDynamoDBFullAccess"
                },
                "aws_iam_user_policy_attachment_tfer--splunk-kinesis-reader_AmazonKinesisReadOnlyAccess_id": {
                    "sensitive": false,
                    "type": "string",
                    "value": "splunk-kinesis-reader/arn:aws:iam::aws:policy/AmazonKinesisReadOnlyAccess"
                },
                "aws_iam_user_policy_attachment_tfer--splunk_addon_AmazonS3ReadOnlyAccess_id": {
                    "sensitive": false,
                    "type": "string",
                    "value": "splunk_addon/arn:aws:iam::aws:policy/AmazonS3ReadOnlyAccess"
                },
                "aws_iam_user_policy_attachment_tfer--xogoon_IAMUserChangePassword_id": {
                    "sensitive": false,
                    "type": "string",
                    "value": "xogoon/arn:aws:iam::aws:policy/IAMUserChangePassword"
                },
                "aws_iam_user_tfer--AIDATV4K3SEV4NCLENORQ_id": {
                    "sensitive": false,
                    "type": "string",
                    "value": "github-actions-deploy-user"
                },
                "aws_iam_user_tfer--AIDATV4K3SEV72ZRYCC5M_id": {
                    "sensitive": false,
                    "type": "string",
                    "value": "splunk-kinesis-reader"
                },
                "aws_iam_user_tfer--AIDATV4K3SEVQCPNXEVES_id": {
                    "sensitive": false,
                    "type": "string",
                    "value": "20010304h"
                },
                "aws_iam_user_tfer--AIDATV4K3SEVSTUEOG2TM_id": {
                    "sensitive": false,
                    "type": "string",
                    "value": "k8s"
                },
                "aws_iam_user_tfer--AIDATV4K3SEVTJ4EXWIG3_id": {
                    "sensitive": false,
                    "type": "string",
                    "value": "godori1012"
                },
                "aws_iam_user_tfer--AIDATV4K3SEVTZLHC7OSN_id": {
                    "sensitive": false,
                    "type": "string",
                    "value": "blog-s3-user"
                },
                "aws_iam_user_tfer--AIDATV4K3SEVV35MHA65O_id": {
                    "sensitive": false,
                    "type": "string",
                    "value": "test_user"
                },
                "aws_iam_user_tfer--AIDATV4K3SEVWJDKGYNB6_id": {
                    "sensitive": false,
                    "type": "string",
                    "value": "splunk_addon"
                },
                "aws_iam_user_tfer--AIDATV4K3SEVWXQRO6LBF_id": {
                    "sensitive": false,
                    "type": "string",
                    "value": "admin"
                },
                "aws_iam_user_tfer--AIDATV4K3SEVX34LBTZSE_id": {
                    "sensitive": false,
                    "type": "string",
                    "value": "hako5460"
                },
                "aws_iam_user_tfer--AIDATV4K3SEVZ4WQYEE7S_id": {
                    "sensitive": false,
                    "type": "string",
                    "value": "xogoon"
                }
            },
            "resources": {
                "aws_iam_access_key.tfer--AKIATV4K3SEVRGWVFPDJ": {
                    "type": "aws_iam_access_key",
                    "depends_on": [],
                    "primary": {
                        "id": "AKIATV4K3SEVRGWVFPDJ",
                        "attributes": {
                            "create_date": "2025-07-24T02:19:58Z",
                            "id": "AKIATV4K3SEVRGWVFPDJ",
                            "status": "Active",
                            "user": "blog-s3-user"
                        },
                        "meta": {
                            "schema_version": 0
                        },
                        "tainted": false
                    },
                    "deposed": [],
                    "provider": "provider.aws"
                },
                "aws_iam_access_key.tfer--AKIATV4K3SEVT3X2PZ6C": {
                    "type": "aws_iam_access_key",
                    "depends_on": [],
                    "primary": {
                        "id": "AKIATV4K3SEVT3X2PZ6C",
                        "attributes": {
                            "create_date": "2025-07-24T01:33:48Z",
                            "id": "AKIATV4K3SEVT3X2PZ6C",
                            "status": "Active",
                            "user": "k8s"
                        },
                        "meta": {
                            "schema_version": 0
                        },
                        "tainted": false
                    },
                    "deposed": [],
                    "provider": "provider.aws"
                },
                "aws_iam_access_key.tfer--AKIATV4K3SEVT52CYZNC": {
                    "type": "aws_iam_access_key",
                    "depends_on": [],
                    "primary": {
                        "id": "AKIATV4K3SEVT52CYZNC",
                        "attributes": {
                            "create_date": "2025-07-24T06:21:46Z",
                            "id": "AKIATV4K3SEVT52CYZNC",
                            "status": "Active",
                            "user": "test_user"
                        },
                        "meta": {
                            "schema_version": 0
                        },
                        "tainted": false
                    },
                    "deposed": [],
                    "provider": "provider.aws"
                },
                "aws_iam_access_key.tfer--AKIATV4K3SEVTRB3OKXT": {
                    "type": "aws_iam_access_key",
                    "depends_on": [],
                    "primary": {
                        "id": "AKIATV4K3SEVTRB3OKXT",
                        "attributes": {
                            "create_date": "2025-07-25T02:05:03Z",
                            "id": "AKIATV4K3SEVTRB3OKXT",
                            "status": "Active",
                            "user": "admin"
                        },
                        "meta": {
                            "schema_version": 0
                        },
                        "tainted": false
                    },
                    "deposed": [],
                    "provider": "provider.aws"
                },
                "aws_iam_access_key.tfer--AKIATV4K3SEVUAG3ZO3S": {
                    "type": "aws_iam_access_key",
                    "depends_on": [],
                    "primary": {
                        "id": "AKIATV4K3SEVUAG3ZO3S",
                        "attributes": {
                            "create_date": "2025-07-20T12:28:08Z",
                            "id": "AKIATV4K3SEVUAG3ZO3S",
                            "status": "Active",
                            "user": "github-actions-deploy-user"
                        },
                        "meta": {
                            "schema_version": 0
                        },
                        "tainted": false
                    },
                    "deposed": [],
                    "provider": "provider.aws"
                },
                "aws_iam_access_key.tfer--AKIATV4K3SEVW677O2UM": {
                    "type": "aws_iam_access_key",
                    "depends_on": [],
                    "primary": {
                        "id": "AKIATV4K3SEVW677O2UM",
                        "attributes": {
                            "create_date": "2025-07-18T07:13:59Z",
                            "id": "AKIATV4K3SEVW677O2UM",
                            "status": "Active",
                            "user": "splunk_addon"
                        },
                        "meta": {
                            "schema_version": 0
                        },
                        "tainted": false
                    },
                    "deposed": [],
                    "provider": "provider.aws"
                },
                "aws_iam_access_key.tfer--AKIATV4K3SEVZFNDN7UE": {
                    "type": "aws_iam_access_key",
                    "depends_on": [],
                    "primary": {
                        "id": "AKIATV4K3SEVZFNDN7UE",
                        "attributes": {
                            "create_date": "2025-07-22T12:28:31Z",
                            "id": "AKIATV4K3SEVZFNDN7UE",
                            "status": "Active",
                            "user": "splunk-kinesis-reader"
                        },
                        "meta": {
                            "schema_version": 0
                        },
                        "tainted": false
                    },
                    "deposed": [],
                    "provider": "provider.aws"
                },
                "aws_iam_group.tfer--Administer": {
                    "type": "aws_iam_group",
                    "depends_on": [],
                    "primary": {
                        "id": "Administer",
                        "attributes": {
                            "arn": "arn:aws:iam::253157413163:group/Administer",
                            "id": "Administer",
                            "name": "Administer",
                            "path": "/",
                            "unique_id": "AGPATV4K3SEVR25GMSQ74"
                        },
                        "meta": {
                            "schema_version": 0
                        },
                        "tainted": false
                    },
                    "deposed": [],
                    "provider": "provider.aws"
                },
                "aws_iam_group.tfer--PowerUsers": {
                    "type": "aws_iam_group",
                    "depends_on": [],
                    "primary": {
                        "id": "PowerUsers",
                        "attributes": {
                            "arn": "arn:aws:iam::253157413163:group/PowerUsers",
                            "id": "PowerUsers",
                            "name": "PowerUsers",
                            "path": "/",
                            "unique_id": "AGPATV4K3SEV2FMLTH63A"
                        },
                        "meta": {
                            "schema_version": 0
                        },
                        "tainted": false
                    },
                    "deposed": [],
                    "provider": "provider.aws"
                },
                "aws_iam_group.tfer--ServiceUserGroup": {
                    "type": "aws_iam_group",
                    "depends_on": [],
                    "primary": {
                        "id": "ServiceUserGroup",
                        "attributes": {
                            "arn": "arn:aws:iam::253157413163:group/ServiceUserGroup",
                            "id": "ServiceUserGroup",
                            "name": "ServiceUserGroup",
                            "path": "/",
                            "unique_id": "AGPATV4K3SEVZJNCJMAUM"
                        },
                        "meta": {
                            "schema_version": 0
                        },
                        "tainted": false
                    },
                    "deposed": [],
                    "provider": "provider.aws"
                },
                "aws_iam_group.tfer--SplunkAdmin": {
                    "type": "aws_iam_group",
                    "depends_on": [],
                    "primary": {
                        "id": "SplunkAdmin",
                        "attributes": {
                            "arn": "arn:aws:iam::253157413163:group/SplunkAdmin",
                            "id": "SplunkAdmin",
                            "name": "SplunkAdmin",
                            "path": "/",
                            "unique_id": "AGPATV4K3SEVWXDCUXWSU"
                        },
                        "meta": {
                            "schema_version": 0
                        },
                        "tainted": false
                    },
                    "deposed": [],
                    "provider": "provider.aws"
                },
                "aws_iam_group_policy_attachment.tfer--Administer_AdministratorAccess": {
                    "type": "aws_iam_group_policy_attachment",
                    "depends_on": [],
                    "primary": {
                        "id": "Administer/arn:aws:iam::aws:policy/AdministratorAccess",
                        "attributes": {
                            "group": "Administer",
                            "id": "Administer/arn:aws:iam::aws:policy/AdministratorAccess",
                            "policy_arn": "arn:aws:iam::aws:policy/AdministratorAccess"
                        },
                        "meta": {
                            "schema_version": 0
                        },
                        "tainted": false
                    },
                    "deposed": [],
                    "provider": "provider.aws"
                },
                "aws_iam_group_policy_attachment.tfer--PowerUsers_PowerUserAccess": {
                    "type": "aws_iam_group_policy_attachment",
                    "depends_on": [],
                    "primary": {
                        "id": "PowerUsers/arn:aws:iam::aws:policy/PowerUserAccess",
                        "attributes": {
                            "group": "PowerUsers",
                            "id": "PowerUsers/arn:aws:iam::aws:policy/PowerUserAccess",
                            "policy_arn": "arn:aws:iam::aws:policy/PowerUserAccess"
                        },
                        "meta": {
                            "schema_version": 0
                        },
                        "tainted": false
                    },
                    "deposed": [],
                    "provider": "provider.aws"
                },
                "aws_iam_instance_profile.tfer--EC2CloudWatchRule": {
                    "type": "aws_iam_instance_profile",
                    "depends_on": [],
                    "primary": {
                        "id": "EC2CloudWatchRule",
                        "attributes": {
                            "arn": "arn:aws:iam::253157413163:instance-profile/EC2CloudWatchRule",
                            "create_date": "2025-07-07T05:08:37Z",
                            "id": "EC2CloudWatchRule",
                            "name": "EC2CloudWatchRule",
                            "name_prefix": "",
                            "path": "/",
                            "role": "EC2CloudWatchRule",
                            "tags.%": "0",
                            "tags_all.%": "0",
                            "unique_id": "AIPATV4K3SEV7QJ2VB6VB"
                        },
                        "meta": {
                            "schema_version": 0
                        },
                        "tainted": false
                    },
                    "deposed": [],
                    "provider": "provider.aws"
                },
                "aws_iam_instance_profile.tfer--SimpleBlogEC2Role": {
                    "type": "aws_iam_instance_profile",
                    "depends_on": [],
                    "primary": {
                        "id": "SimpleBlogEC2Role",
                        "attributes": {
                            "arn": "arn:aws:iam::253157413163:instance-profile/SimpleBlogEC2Role",
                            "create_date": "2025-07-24T03:27:32Z",
                            "id": "SimpleBlogEC2Role",
                            "name": "SimpleBlogEC2Role",
                            "name_prefix": "",
                            "path": "/",
                            "role": "SimpleBlogEC2Role",
                            "tags.%": "0",
                            "tags_all.%": "0",
                            "unique_id": "AIPATV4K3SEVSSEWLT6EQ"
                        },
                        "meta": {
                            "schema_version": 0
                        },
                        "tainted": false
                    },
                    "deposed": [],
                    "provider": "provider.aws"
                },
                "aws_iam_instance_profile.tfer--ec2-ecr-full-access": {
                    "type": "aws_iam_instance_profile",
                    "depends_on": [],
                    "primary": {
                        "id": "ec2-ecr-full-access",
                        "attributes": {
                            "arn": "arn:aws:iam::253157413163:instance-profile/ec2-ecr-full-access",
                            "create_date": "2025-07-10T02:45:37Z",
                            "id": "ec2-ecr-full-access",
                            "name": "ec2-ecr-full-access",
                            "name_prefix": "",
                            "path": "/",
                            "role": "ec2-ecr-full-access",
                            "tags.%": "0",
                            "tags_all.%": "0",
                            "unique_id": "AIPATV4K3SEV2LBFVVPIE"
                        },
                        "meta": {
                            "schema_version": 0
                        },
                        "tainted": false
                    },
                    "deposed": [],
                    "provider": "provider.aws"
                },
                "aws_iam_policy.tfer--CWLtoKinesisPolicy": {
                    "type": "aws_iam_policy",
                    "depends_on": [],
                    "primary": {
                        "id": "arn:aws:iam::253157413163:policy/CWLtoKinesisPolicy",
                        "attributes": {
                            "arn": "arn:aws:iam::253157413163:policy/CWLtoKinesisPolicy",
                            "attachment_count": "1",
                            "description": "",
                            "id": "arn:aws:iam::253157413163:policy/CWLtoKinesisPolicy",
                            "name": "CWLtoKinesisPolicy",
                            "name_prefix": "",
                            "path": "/",
                            "policy": "{\"Statement\":[{\"Action\":[\"kinesis:PutRecord\",\"kinesis:PutRecords\"],\"Effect\":\"Allow\",\"Resource\":[\"arn:aws:kinesis:ap-northeast-2:253157413163:stream/cloudtrail-stream\",\"arn:aws:kinesis:ap-northeast-2:253157413163:stream/security-hub-stream\",\"arn:aws:kinesis:ap-northeast-2:253157413163:stream/guardduty-stream\"]}],\"Version\":\"2012-10-17\"}",
                            "policy_id": "ANPATV4K3SEVQUKZSQHVP",
                            "tags.%": "0",
                            "tags_all.%": "0"
                        },
                        "meta": {
                            "schema_version": 0
                        },
                        "tainted": false
                    },
                    "deposed": [],
                    "provider": "provider.aws"
                },
                "aws_iam_policy.tfer--CloudTrail-CloudWatch-Logs-Policy": {
                    "type": "aws_iam_policy",
                    "depends_on": [],
                    "primary": {
                        "id": "arn:aws:iam::253157413163:policy/CloudTrail-CloudWatch-Logs-Policy",
                        "attributes": {
                            "arn": "arn:aws:iam::253157413163:policy/CloudTrail-CloudWatch-Logs-Policy",
                            "attachment_count": "1",
                            "description": "",
                            "id": "arn:aws:iam::253157413163:policy/CloudTrail-CloudWatch-Logs-Policy",
                            "name": "CloudTrail-CloudWatch-Logs-Policy",
                            "name_prefix": "",
                            "path": "/",
                            "policy": "{\"Statement\":[{\"Action\":[\"logs:CreateLogGroup\",\"logs:CreateLogStream\",\"logs:PutLogEvents\",\"logs:DescribeLogGroups\",\"logs:DescribeLogStreams\"],\"Effect\":\"Allow\",\"Resource\":\"arn:aws:logs:ap-northeast-2:123456789012:log-group:music1-app-cloudtrail-logs:*\"}],\"Version\":\"2012-10-17\"}",
                            "policy_id": "ANPATV4K3SEVUBL4VNDQV",
                            "tags.%": "0",
                            "tags_all.%": "0"
                        },
                        "meta": {
                            "schema_version": 0
                        },
                        "tainted": false
                    },
                    "deposed": [],
                    "provider": "provider.aws"
                },
                "aws_iam_policy.tfer--Cloudtrail-CW-access-policy-test-cloudtrail-logs-52d5f29b-6727-451a-9308-3bda693dd917": {
                    "type": "aws_iam_policy",
                    "depends_on": [],
                    "primary": {
                        "id": "arn:aws:iam::253157413163:policy/service-role/Cloudtrail-CW-access-policy-test-cloudtrail-logs-52d5f29b-6727-451a-9308-3bda693dd917",
                        "attributes": {
                            "arn": "arn:aws:iam::253157413163:policy/service-role/Cloudtrail-CW-access-policy-test-cloudtrail-logs-52d5f29b-6727-451a-9308-3bda693dd917",
                            "attachment_count": "1",
                            "description": "Policy for config CloudWathLogs for trail test-cloudtrail-logs, created by CloudTrail console",
                            "id": "arn:aws:iam::253157413163:policy/service-role/Cloudtrail-CW-access-policy-test-cloudtrail-logs-52d5f29b-6727-451a-9308-3bda693dd917",
                            "name": "Cloudtrail-CW-access-policy-test-cloudtrail-logs-52d5f29b-6727-451a-9308-3bda693dd917",
                            "name_prefix": "",
                            "path": "/service-role/",
                            "policy": "{\"Statement\":[{\"Action\":[\"logs:CreateLogStream\"],\"Effect\":\"Allow\",\"Resource\":[\"arn:aws:logs:ap-northeast-2:253157413163:log-group:aws-cloudtrail-logs:log-stream:253157413163_CloudTrail_ap-northeast-2*\"],\"Sid\":\"AWSCloudTrailCreateLogStream2014110\"},{\"Action\":[\"logs:PutLogEvents\"],\"Effect\":\"Allow\",\"Resource\":[\"arn:aws:logs:ap-northeast-2:253157413163:log-group:aws-cloudtrail-logs:log-stream:253157413163_CloudTrail_ap-northeast-2*\"],\"Sid\":\"AWSCloudTrailPutLogEvents20141101\"}],\"Version\":\"2012-10-17\"}",
                            "policy_id": "ANPATV4K3SEV6QT2LNPWC",
                            "tags.%": "0",
                            "tags_all.%": "0"
                        },
                        "meta": {
                            "schema_version": 0
                        },
                        "tainted": false
                    },
                    "deposed": [],
                    "provider": "provider.aws"
                },
                "aws_iam_policy.tfer--CustomEKSClusterolicy": {
                    "type": "aws_iam_policy",
                    "depends_on": [],
                    "primary": {
                        "id": "arn:aws:iam::253157413163:policy/CustomEKSClusterolicy",
                        "attributes": {
                            "arn": "arn:aws:iam::253157413163:policy/CustomEKSClusterolicy",
                            "attachment_count": "0",
                            "description": "",
                            "id": "arn:aws:iam::253157413163:policy/CustomEKSClusterolicy",
                            "name": "CustomEKSClusterolicy",
                            "name_prefix": "",
                            "path": "/",
                            "policy": "{\"Statement\":[{\"Action\":[\"eks:DescribeCluster\",\"eks:ListClusters\",\"eks:DescribeNodegroup\",\"eks:ListNodegroups\",\"eks:DescribeFargateProfile\",\"eks:ListFargateProfiles\"],\"Effect\":\"Allow\",\"Resource\":\"*\"}],\"Version\":\"2012-10-17\"}",
                            "policy_id": "ANPATV4K3SEVTGWU72TF7",
                            "tags.%": "0",
                            "tags_all.%": "0"
                        },
                        "meta": {
                            "schema_version": 0
                        },
                        "tainted": false
                    },
                    "deposed": [],
                    "provider": "provider.aws"
                },
                "aws_iam_policy.tfer--ECS_FARGATE": {
                    "type": "aws_iam_policy",
                    "depends_on": [],
                    "primary": {
                        "id": "arn:aws:iam::253157413163:policy/ECS_FARGATE",
                        "attributes": {
                            "arn": "arn:aws:iam::253157413163:policy/ECS_FARGATE",
                            "attachment_count": "0",
                            "description": "",
                            "id": "arn:aws:iam::253157413163:policy/ECS_FARGATE",
                            "name": "ECS_FARGATE",
                            "name_prefix": "",
                            "path": "/",
                            "policy": "{\"Statement\":[{\"Action\":[\"ecs:*\",\"iam:PassRole\",\"logs:CreateLogGroup\",\"logs:CreateLogStream\",\"logs:PutLogEvents\",\"logs:DescribeLogGroups\"],\"Effect\":\"Allow\",\"Resource\":\"*\"}],\"Version\":\"2012-10-17\"}",
                            "policy_id": "ANPATV4K3SEVYC5HYHVRX",
                            "tags.%": "0",
                            "tags_all.%": "0"
                        },
                        "meta": {
                            "schema_version": 0
                        },
                        "tainted": false
                    },
                    "deposed": [],
                    "provider": "provider.aws"
                },
                "aws_iam_policy.tfer--SimpleBlogS3Policy": {
                    "type": "aws_iam_policy",
                    "depends_on": [],
                    "primary": {
                        "id": "arn:aws:iam::253157413163:policy/SimpleBlogS3Policy",
                        "attributes": {
                            "arn": "arn:aws:iam::253157413163:policy/SimpleBlogS3Policy",
                            "attachment_count": "2",
                            "description": "SimpleBlogS3Policy",
                            "id": "arn:aws:iam::253157413163:policy/SimpleBlogS3Policy",
                            "name": "SimpleBlogS3Policy",
                            "name_prefix": "",
                            "path": "/",
                            "policy": "{\"Statement\":[{\"Action\":[\"s3:GetObject\",\"s3:PutObject\",\"s3:DeleteObject\",\"s3:PutObjectAcl\"],\"Effect\":\"Allow\",\"Resource\":\"arn:aws:s3:::test-simpleblog-files/*\",\"Sid\":\"SimpleBlogS3Access\"},{\"Action\":[\"s3:ListBucket\"],\"Effect\":\"Allow\",\"Resource\":\"arn:aws:s3:::test-simpleblog-files\",\"Sid\":\"SimpleBlogS3List\"}],\"Version\":\"2012-10-17\"}",
                            "policy_id": "ANPATV4K3SEVT4EERKOUX",
                            "tags.%": "0",
                            "tags_all.%": "0"
                        },
                        "meta": {
                            "schema_version": 0
                        },
                        "tainted": false
                    },
                    "deposed": [],
                    "provider": "provider.aws"
                },
                "aws_iam_policy.tfer--SplunkAdminMinimumPolicy": {
                    "type": "aws_iam_policy",
                    "depends_on": [],
                    "primary": {
                        "id": "arn:aws:iam::253157413163:policy/SplunkAdminMinimumPolicy",
                        "attributes": {
                            "arn": "arn:aws:iam::253157413163:policy/SplunkAdminMinimumPolicy",
                            "attachment_count": "1",
                            "description": "SplunkAdminMinimumPolicy",
                            "id": "arn:aws:iam::253157413163:policy/SplunkAdminMinimumPolicy",
                            "name": "SplunkAdminMinimumPolicy",
                            "name_prefix": "",
                            "path": "/",
                            "policy": "{\"Statement\":[{\"Action\":[\"iam:CreateRole\",\"iam:DeleteRole\",\"iam:GetRole\",\"iam:AttachRolePolicy\",\"iam:DetachRolePolicy\",\"iam:PutRolePolicy\",\"iam:DeleteRolePolicy\",\"iam:PassRole\",\"iam:ListRoles\",\"iam:TagRole\",\"iam:UntagRole\",\"iam:UpdateAssumeRolePolicy\"],\"Effect\":\"Allow\",\"Resource\":\"*\"}],\"Version\":\"2012-10-17\"}",
                            "policy_id": "ANPATV4K3SEVZL46DCYAX",
                            "tags.%": "0",
                            "tags_all.%": "0"
                        },
                        "meta": {
                            "schema_version": 0
                        },
                        "tainted": false
                    },
                    "deposed": [],
                    "provider": "provider.aws"
                },
                "aws_iam_role.tfer--AWSReservedSSO_ec2-dav_4cd2effaee51ed53": {
                    "type": "aws_iam_role",
                    "depends_on": [],
                    "primary": {
                        "id": "AWSReservedSSO_ec2-dav_4cd2effaee51ed53",
                        "attributes": {
                            "arn": "arn:aws:iam::253157413163:role/aws-reserved/sso.amazonaws.com/ap-northeast-2/AWSReservedSSO_ec2-dav_4cd2effaee51ed53",
                            "assume_role_policy": "{\"Statement\":[{\"Action\":[\"sts:AssumeRoleWithSAML\",\"sts:TagSession\"],\"Condition\":{\"StringEquals\":{\"SAML:aud\":\"https://signin.aws.amazon.com/saml\"}},\"Effect\":\"Allow\",\"Principal\":{\"Federated\":\"arn:aws:iam::253157413163:saml-provider/AWSSSO_5b8d118d93967f63_DO_NOT_DELETE\"}}],\"Version\":\"2012-10-17\"}",
                            "create_date": "2025-07-02T00:34:34Z",
                            "description": "",
                            "id": "AWSReservedSSO_ec2-dav_4cd2effaee51ed53",
                            "managed_policy_arns.#": "1",
                            "managed_policy_arns.0": "arn:aws:iam::aws:policy/AmazonEC2FullAccess",
                            "max_session_duration": "43200",
                            "name": "AWSReservedSSO_ec2-dav_4cd2effaee51ed53",
                            "name_prefix": "",
                            "path": "/aws-reserved/sso.amazonaws.com/ap-northeast-2/",
                            "permissions_boundary": "",
                            "tags.%": "0",
                            "tags_all.%": "0",
                            "unique_id": "AROATV4K3SEV26ADF2IVM"
                        },
                        "meta": {
                            "schema_version": 0
                        },
                        "tainted": false
                    },
                    "deposed": [],
                    "provider": "provider.aws"
                },
                "aws_iam_role.tfer--AWSServiceRoleForAmazonEKS": {
                    "type": "aws_iam_role",
                    "depends_on": [],
                    "primary": {
                        "id": "AWSServiceRoleForAmazonEKS",
                        "attributes": {
                            "arn": "arn:aws:iam::253157413163:role/aws-service-role/eks.amazonaws.com/AWSServiceRoleForAmazonEKS",
                            "assume_role_policy": "{\"Statement\":[{\"Action\":\"sts:AssumeRole\",\"Effect\":\"Allow\",\"Principal\":{\"Service\":\"eks.amazonaws.com\"}}],\"Version\":\"2012-10-17\"}",
                            "create_date": "2025-07-14T00:38:15Z",
                            "description": "Allows Amazon EKS to call AWS services on your behalf.",
                            "id": "AWSServiceRoleForAmazonEKS",
                            "managed_policy_arns.#": "1",
                            "managed_policy_arns.0": "arn:aws:iam::aws:policy/aws-service-role/AmazonEKSServiceRolePolicy",
                            "max_session_duration": "3600",
                            "name": "AWSServiceRoleForAmazonEKS",
                            "name_prefix": "",
                            "path": "/aws-service-role/eks.amazonaws.com/",
                            "permissions_boundary": "",
                            "tags.%": "0",
                            "tags_all.%": "0",
                            "unique_id": "AROATV4K3SEV6SPKQW5DD"
                        },
                        "meta": {
                            "schema_version": 0
                        },
                        "tainted": false
                    },
                    "deposed": [],
                    "provider": "provider.aws"
                },
                "aws_iam_role.tfer--AWSServiceRoleForAmazonEKSNodegroup": {
                    "type": "aws_iam_role",
                    "depends_on": [],
                    "primary": {
                        "id": "AWSServiceRoleForAmazonEKSNodegroup",
                        "attributes": {
                            "arn": "arn:aws:iam::253157413163:role/aws-service-role/eks-nodegroup.amazonaws.com/AWSServiceRoleForAmazonEKSNodegroup",
                            "assume_role_policy": "{\"Statement\":[{\"Action\":\"sts:AssumeRole\",\"Effect\":\"Allow\",\"Principal\":{\"Service\":\"eks-nodegroup.amazonaws.com\"}}],\"Version\":\"2012-10-17\"}",
                            "create_date": "2025-07-14T01:16:08Z",
                            "description": "This policy allows Amazon EKS to create and manage Nodegroups",
                            "id": "AWSServiceRoleForAmazonEKSNodegroup",
                            "managed_policy_arns.#": "1",
                            "managed_policy_arns.0": "arn:aws:iam::aws:policy/aws-service-role/AWSServiceRoleForAmazonEKSNodegroup",
                            "max_session_duration": "3600",
                            "name": "AWSServiceRoleForAmazonEKSNodegroup",
                            "name_prefix": "",
                            "path": "/aws-service-role/eks-nodegroup.amazonaws.com/",
                            "permissions_boundary": "",
                            "tags.%": "0",
                            "tags_all.%": "0",
                            "unique_id": "AROATV4K3SEVWSNEIPMFP"
                        },
                        "meta": {
                            "schema_version": 0
                        },
                        "tainted": false
                    },
                    "deposed": [],
                    "provider": "provider.aws"
                },
                "aws_iam_role.tfer--AWSServiceRoleForAmazonGuardDuty": {
                    "type": "aws_iam_role",
                    "depends_on": [],
                    "primary": {
                        "id": "AWSServiceRoleForAmazonGuardDuty",
                        "attributes": {
                            "arn": "arn:aws:iam::253157413163:role/aws-service-role/guardduty.amazonaws.com/AWSServiceRoleForAmazonGuardDuty",
                            "assume_role_policy": "{\"Statement\":[{\"Action\":\"sts:AssumeRole\",\"Effect\":\"Allow\",\"Principal\":{\"Service\":\"guardduty.amazonaws.com\"}}],\"Version\":\"2012-10-17\"}",
                            "create_date": "2025-07-14T07:26:34Z",
                            "description": "A service-linked role required for Amazon GuardDuty to access your resources. ",
                            "id": "AWSServiceRoleForAmazonGuardDuty",
                            "managed_policy_arns.#": "1",
                            "managed_policy_arns.0": "arn:aws:iam::aws:policy/aws-service-role/AmazonGuardDutyServiceRolePolicy",
                            "max_session_duration": "3600",
                            "name": "AWSServiceRoleForAmazonGuardDuty",
                            "name_prefix": "",
                            "path": "/aws-service-role/guardduty.amazonaws.com/",
                            "permissions_boundary": "",
                            "tags.%": "0",
                            "tags_all.%": "0",
                            "unique_id": "AROATV4K3SEVWHCG2FZL3"
                        },
                        "meta": {
                            "schema_version": 0
                        },
                        "tainted": false
                    },
                    "deposed": [],
                    "provider": "provider.aws"
                },
                "aws_iam_role.tfer--AWSServiceRoleForAmazonGuardDutyMalwareProtection": {
                    "type": "aws_iam_role",
                    "depends_on": [],
                    "primary": {
                        "id": "AWSServiceRoleForAmazonGuardDutyMalwareProtection",
                        "attributes": {
                            "arn": "arn:aws:iam::253157413163:role/aws-service-role/malware-protection.guardduty.amazonaws.com/AWSServiceRoleForAmazonGuardDutyMalwareProtection",
                            "assume_role_policy": "{\"Statement\":[{\"Action\":\"sts:AssumeRole\",\"Effect\":\"Allow\",\"Principal\":{\"Service\":\"malware-protection.guardduty.amazonaws.com\"}}],\"Version\":\"2012-10-17\"}",
                            "create_date": "2025-07-14T07:26:35Z",
                            "description": "A service-linked role required for Amazon GuardDuty Malware Scan to access your resources. ",
                            "id": "AWSServiceRoleForAmazonGuardDutyMalwareProtection",
                            "managed_policy_arns.#": "1",
                            "managed_policy_arns.0": "arn:aws:iam::aws:policy/aws-service-role/AmazonGuardDutyMalwareProtectionServiceRolePolicy",
                            "max_session_duration": "3600",
                            "name": "AWSServiceRoleForAmazonGuardDutyMalwareProtection",
                            "name_prefix": "",
                            "path": "/aws-service-role/malware-protection.guardduty.amazonaws.com/",
                            "permissions_boundary": "",
                            "tags.%": "0",
                            "tags_all.%": "0",
                            "unique_id": "AROATV4K3SEVUH6I3F6EJ"
                        },
                        "meta": {
                            "schema_version": 0
                        },
                        "tainted": false
                    },
                    "deposed": [],
                    "provider": "provider.aws"
                },
                "aws_iam_role.tfer--AWSServiceRoleForAutoScaling": {
                    "type": "aws_iam_role",
                    "depends_on": [],
                    "primary": {
                        "id": "AWSServiceRoleForAutoScaling",
                        "attributes": {
                            "arn": "arn:aws:iam::253157413163:role/aws-service-role/autoscaling.amazonaws.com/AWSServiceRoleForAutoScaling",
                            "assume_role_policy": "{\"Statement\":[{\"Action\":\"sts:AssumeRole\",\"Effect\":\"Allow\",\"Principal\":{\"Service\":\"autoscaling.amazonaws.com\"}}],\"Version\":\"2012-10-17\"}",
                            "create_date": "2025-07-07T06:43:23Z",
                            "description": "Default Service-Linked Role enables access to AWS Services and Resources used or managed by Auto Scaling",
                            "id": "AWSServiceRoleForAutoScaling",
                            "managed_policy_arns.#": "1",
                            "managed_policy_arns.0": "arn:aws:iam::aws:policy/aws-service-role/AutoScalingServiceRolePolicy",
                            "max_session_duration": "3600",
                            "name": "AWSServiceRoleForAutoScaling",
                            "name_prefix": "",
                            "path": "/aws-service-role/autoscaling.amazonaws.com/",
                            "permissions_boundary": "",
                            "tags.%": "0",
                            "tags_all.%": "0",
                            "unique_id": "AROATV4K3SEVZID6RWE2Y"
                        },
                        "meta": {
                            "schema_version": 0
                        },
                        "tainted": false
                    },
                    "deposed": [],
                    "provider": "provider.aws"
                },
                "aws_iam_role.tfer--AWSServiceRoleForCloudTrail": {
                    "type": "aws_iam_role",
                    "depends_on": [],
                    "primary": {
                        "id": "AWSServiceRoleForCloudTrail",
                        "attributes": {
                            "arn": "arn:aws:iam::253157413163:role/aws-service-role/cloudtrail.amazonaws.com/AWSServiceRoleForCloudTrail",
                            "assume_role_policy": "{\"Statement\":[{\"Action\":\"sts:AssumeRole\",\"Effect\":\"Allow\",\"Principal\":{\"Service\":\"cloudtrail.amazonaws.com\"}}],\"Version\":\"2012-10-17\"}",
                            "create_date": "2025-07-14T05:33:11Z",
                            "description": "Allows AWS CloudTrail to access AWS resources on your behalf.",
                            "id": "AWSServiceRoleForCloudTrail",
                            "managed_policy_arns.#": "1",
                            "managed_policy_arns.0": "arn:aws:iam::aws:policy/aws-service-role/CloudTrailServiceRolePolicy",
                            "max_session_duration": "3600",
                            "name": "AWSServiceRoleForCloudTrail",
                            "name_prefix": "",
                            "path": "/aws-service-role/cloudtrail.amazonaws.com/",
                            "permissions_boundary": "",
                            "tags.%": "0",
                            "tags_all.%": "0",
                            "unique_id": "AROATV4K3SEVSAPJS2B6P"
                        },
                        "meta": {
                            "schema_version": 0
                        },
                        "tainted": false
                    },
                    "deposed": [],
                    "provider": "provider.aws"
                },
                "aws_iam_role.tfer--AWSServiceRoleForECS": {
                    "type": "aws_iam_role",
                    "depends_on": [],
                    "primary": {
                        "id": "AWSServiceRoleForECS",
                        "attributes": {
                            "arn": "arn:aws:iam::253157413163:role/aws-service-role/ecs.amazonaws.com/AWSServiceRoleForECS",
                            "assume_role_policy": "{\"Statement\":[{\"Action\":\"sts:AssumeRole\",\"Effect\":\"Allow\",\"Principal\":{\"Service\":\"ecs.amazonaws.com\"}}],\"Version\":\"2012-10-17\"}",
                            "create_date": "2025-07-11T05:28:03Z",
                            "description": "Policy to enable Amazon ECS to manage your EC2 instances and related resources.",
                            "id": "AWSServiceRoleForECS",
                            "managed_policy_arns.#": "1",
                            "managed_policy_arns.0": "arn:aws:iam::aws:policy/aws-service-role/AmazonECSServiceRolePolicy",
                            "max_session_duration": "3600",
                            "name": "AWSServiceRoleForECS",
                            "name_prefix": "",
                            "path": "/aws-service-role/ecs.amazonaws.com/",
                            "permissions_boundary": "",
                            "tags.%": "0",
                            "tags_all.%": "0",
                            "unique_id": "AROATV4K3SEV7OOSUOMWK"
                        },
                        "meta": {
                            "schema_version": 0
                        },
                        "tainted": false
                    },
                    "deposed": [],
                    "provider": "provider.aws"
                },
                "aws_iam_role.tfer--AWSServiceRoleForElasticLoadBalancing": {
                    "type": "aws_iam_role",
                    "depends_on": [],
                    "primary": {
                        "id": "AWSServiceRoleForElasticLoadBalancing",
                        "attributes": {
                            "arn": "arn:aws:iam::253157413163:role/aws-service-role/elasticloadbalancing.amazonaws.com/AWSServiceRoleForElasticLoadBalancing",
                            "assume_role_policy": "{\"Statement\":[{\"Action\":\"sts:AssumeRole\",\"Effect\":\"Allow\",\"Principal\":{\"Service\":\"elasticloadbalancing.amazonaws.com\"}}],\"Version\":\"2012-10-17\"}",
                            "create_date": "2025-07-07T02:34:24Z",
                            "description": "Allows ELB to call AWS services on your behalf.",
                            "id": "AWSServiceRoleForElasticLoadBalancing",
                            "managed_policy_arns.#": "1",
                            "managed_policy_arns.0": "arn:aws:iam::aws:policy/aws-service-role/AWSElasticLoadBalancingServiceRolePolicy",
                            "max_session_duration": "3600",
                            "name": "AWSServiceRoleForElasticLoadBalancing",
                            "name_prefix": "",
                            "path": "/aws-service-role/elasticloadbalancing.amazonaws.com/",
                            "permissions_boundary": "",
                            "tags.%": "0",
                            "tags_all.%": "0",
                            "unique_id": "AROATV4K3SEV2TNVH2L5E"
                        },
                        "meta": {
                            "schema_version": 0
                        },
                        "tainted": false
                    },
                    "deposed": [],
                    "provider": "provider.aws"
                },
                "aws_iam_role.tfer--AWSServiceRoleForGlobalAccelerator": {
                    "type": "aws_iam_role",
                    "depends_on": [],
                    "primary": {
                        "id": "AWSServiceRoleForGlobalAccelerator",
                        "attributes": {
                            "arn": "arn:aws:iam::253157413163:role/aws-service-role/globalaccelerator.amazonaws.com/AWSServiceRoleForGlobalAccelerator",
                            "assume_role_policy": "{\"Statement\":[{\"Action\":\"sts:AssumeRole\",\"Effect\":\"Allow\",\"Principal\":{\"Service\":\"globalaccelerator.amazonaws.com\"}}],\"Version\":\"2012-10-17\"}",
                            "create_date": "2025-07-08T02:12:09Z",
                            "description": "Allows Global Accelerator to call AWS services on customer's behalf",
                            "id": "AWSServiceRoleForGlobalAccelerator",
                            "managed_policy_arns.#": "1",
                            "managed_policy_arns.0": "arn:aws:iam::aws:policy/aws-service-role/AWSGlobalAcceleratorSLRPolicy",
                            "max_session_duration": "3600",
                            "name": "AWSServiceRoleForGlobalAccelerator",
                            "name_prefix": "",
                            "path": "/aws-service-role/globalaccelerator.amazonaws.com/",
                            "permissions_boundary": "",
                            "tags.%": "0",
                            "tags_all.%": "0",
                            "unique_id": "AROATV4K3SEVYFNVNOFO6"
                        },
                        "meta": {
                            "schema_version": 0
                        },
                        "tainted": false
                    },
                    "deposed": [],
                    "provider": "provider.aws"
                },
                "aws_iam_role.tfer--AWSServiceRoleForOrganizations": {
                    "type": "aws_iam_role",
                    "depends_on": [],
                    "primary": {
                        "id": "AWSServiceRoleForOrganizations",
                        "attributes": {
                            "arn": "arn:aws:iam::253157413163:role/aws-service-role/organizations.amazonaws.com/AWSServiceRoleForOrganizations",
                            "assume_role_policy": "{\"Statement\":[{\"Action\":\"sts:AssumeRole\",\"Effect\":\"Allow\",\"Principal\":{\"Service\":\"organizations.amazonaws.com\"}}],\"Version\":\"2012-10-17\"}",
                            "create_date": "2025-07-02T00:28:56Z",
                            "description": "Service-linked role used by AWS Organizations to enable integration of other AWS services with Organizations.",
                            "id": "AWSServiceRoleForOrganizations",
                            "managed_policy_arns.#": "1",
                            "managed_policy_arns.0": "arn:aws:iam::aws:policy/aws-service-role/AWSOrganizationsServiceTrustPolicy",
                            "max_session_duration": "3600",
                            "name": "AWSServiceRoleForOrganizations",
                            "name_prefix": "",
                            "path": "/aws-service-role/organizations.amazonaws.com/",
                            "permissions_boundary": "",
                            "tags.%": "0",
                            "tags_all.%": "0",
                            "unique_id": "AROATV4K3SEVRWXL4776H"
                        },
                        "meta": {
                            "schema_version": 0
                        },
                        "tainted": false
                    },
                    "deposed": [],
                    "provider": "provider.aws"
                },
                "aws_iam_role.tfer--AWSServiceRoleForRDS": {
                    "type": "aws_iam_role",
                    "depends_on": [],
                    "primary": {
                        "id": "AWSServiceRoleForRDS",
                        "attributes": {
                            "arn": "arn:aws:iam::253157413163:role/aws-service-role/rds.amazonaws.com/AWSServiceRoleForRDS",
                            "assume_role_policy": "{\"Statement\":[{\"Action\":\"sts:AssumeRole\",\"Effect\":\"Allow\",\"Principal\":{\"Service\":\"rds.amazonaws.com\"}}],\"Version\":\"2012-10-17\"}",
                            "create_date": "2025-07-02T01:21:52Z",
                            "description": "Allows Amazon RDS to manage AWS resources on your behalf",
                            "id": "AWSServiceRoleForRDS",
                            "managed_policy_arns.#": "1",
                            "managed_policy_arns.0": "arn:aws:iam::aws:policy/aws-service-role/AmazonRDSServiceRolePolicy",
                            "max_session_duration": "3600",
                            "name": "AWSServiceRoleForRDS",
                            "name_prefix": "",
                            "path": "/aws-service-role/rds.amazonaws.com/",
                            "permissions_boundary": "",
                            "tags.%": "0",
                            "tags_all.%": "0",
                            "unique_id": "AROATV4K3SEVWIGZN34L5"
                        },
                        "meta": {
                            "schema_version": 0
                        },
                        "tainted": false
                    },
                    "deposed": [],
                    "provider": "provider.aws"
                },
                "aws_iam_role.tfer--AWSServiceRoleForSSO": {
                    "type": "aws_iam_role",
                    "depends_on": [],
                    "primary": {
                        "id": "AWSServiceRoleForSSO",
                        "attributes": {
                            "arn": "arn:aws:iam::253157413163:role/aws-service-role/sso.amazonaws.com/AWSServiceRoleForSSO",
                            "assume_role_policy": "{\"Statement\":[{\"Action\":\"sts:AssumeRole\",\"Effect\":\"Allow\",\"Principal\":{\"Service\":\"sso.amazonaws.com\"}}],\"Version\":\"2012-10-17\"}",
                            "create_date": "2025-07-02T00:29:00Z",
                            "description": "Service-linked role used by AWS SSO to manage AWS resources, including IAM roles, policies and SAML IdP on your behalf.",
                            "id": "AWSServiceRoleForSSO",
                            "managed_policy_arns.#": "1",
                            "managed_policy_arns.0": "arn:aws:iam::aws:policy/aws-service-role/AWSSSOServiceRolePolicy",
                            "max_session_duration": "3600",
                            "name": "AWSServiceRoleForSSO",
                            "name_prefix": "",
                            "path": "/aws-service-role/sso.amazonaws.com/",
                            "permissions_boundary": "",
                            "tags.%": "0",
                            "tags_all.%": "0",
                            "unique_id": "AROATV4K3SEV5T6AA27KR"
                        },
                        "meta": {
                            "schema_version": 0
                        },
                        "tainted": false
                    },
                    "deposed": [],
                    "provider": "provider.aws"
                },
                "aws_iam_role.tfer--AWSServiceRoleForSecurityHub": {
                    "type": "aws_iam_role",
                    "depends_on": [],
                    "primary": {
                        "id": "AWSServiceRoleForSecurityHub",
                        "attributes": {
                            "arn": "arn:aws:iam::253157413163:role/aws-service-role/securityhub.amazonaws.com/AWSServiceRoleForSecurityHub",
                            "assume_role_policy": "{\"Statement\":[{\"Action\":\"sts:AssumeRole\",\"Effect\":\"Allow\",\"Principal\":{\"Service\":\"securityhub.amazonaws.com\"}}],\"Version\":\"2012-10-17\"}",
                            "create_date": "2025-07-21T06:25:16Z",
                            "description": "A service-linked role required for AWS Security Hub to access your resources.",
                            "id": "AWSServiceRoleForSecurityHub",
                            "managed_policy_arns.#": "1",
                            "managed_policy_arns.0": "arn:aws:iam::aws:policy/aws-service-role/AWSSecurityHubServiceRolePolicy",
                            "max_session_duration": "3600",
                            "name": "AWSServiceRoleForSecurityHub",
                            "name_prefix": "",
                            "path": "/aws-service-role/securityhub.amazonaws.com/",
                            "permissions_boundary": "",
                            "tags.%": "0",
                            "tags_all.%": "0",
                            "unique_id": "AROATV4K3SEV5DUK7IALB"
                        },
                        "meta": {
                            "schema_version": 0
                        },
                        "tainted": false
                    },
                    "deposed": [],
                    "provider": "provider.aws"
                },
                "aws_iam_role.tfer--AWSServiceRoleForSupport": {
                    "type": "aws_iam_role",
                    "depends_on": [],
                    "primary": {
                        "id": "AWSServiceRoleForSupport",
                        "attributes": {
                            "arn": "arn:aws:iam::253157413163:role/aws-service-role/support.amazonaws.com/AWSServiceRoleForSupport",
                            "assume_role_policy": "{\"Statement\":[{\"Action\":\"sts:AssumeRole\",\"Effect\":\"Allow\",\"Principal\":{\"Service\":\"support.amazonaws.com\"}}],\"Version\":\"2012-10-17\"}",
                            "create_date": "2025-07-01T02:05:04Z",
                            "description": "Enables resource access for AWS to provide billing, administrative and support services",
                            "id": "AWSServiceRoleForSupport",
                            "managed_policy_arns.#": "1",
                            "managed_policy_arns.0": "arn:aws:iam::aws:policy/aws-service-role/AWSSupportServiceRolePolicy",
                            "max_session_duration": "3600",
                            "name": "AWSServiceRoleForSupport",
                            "name_prefix": "",
                            "path": "/aws-service-role/support.amazonaws.com/",
                            "permissions_boundary": "",
                            "tags.%": "0",
                            "tags_all.%": "0",
                            "unique_id": "AROATV4K3SEVXNRJ5UDAT"
                        },
                        "meta": {
                            "schema_version": 0
                        },
                        "tainted": false
                    },
                    "deposed": [],
                    "provider": "provider.aws"
                },
                "aws_iam_role.tfer--AWSServiceRoleForTrustedAdvisor": {
                    "type": "aws_iam_role",
                    "depends_on": [],
                    "primary": {
                        "id": "AWSServiceRoleForTrustedAdvisor",
                        "attributes": {
                            "arn": "arn:aws:iam::253157413163:role/aws-service-role/trustedadvisor.amazonaws.com/AWSServiceRoleForTrustedAdvisor",
                            "assume_role_policy": "{\"Statement\":[{\"Action\":\"sts:AssumeRole\",\"Effect\":\"Allow\",\"Principal\":{\"Service\":\"trustedadvisor.amazonaws.com\"}}],\"Version\":\"2012-10-17\"}",
                            "create_date": "2025-07-01T02:05:04Z",
                            "description": "Access for the AWS Trusted Advisor Service to help reduce cost, increase performance, and improve security of your AWS environment.",
                            "id": "AWSServiceRoleForTrustedAdvisor",
                            "managed_policy_arns.#": "1",
                            "managed_policy_arns.0": "arn:aws:iam::aws:policy/aws-service-role/AWSTrustedAdvisorServiceRolePolicy",
                            "max_session_duration": "3600",
                            "name": "AWSServiceRoleForTrustedAdvisor",
                            "name_prefix": "",
                            "path": "/aws-service-role/trustedadvisor.amazonaws.com/",
                            "permissions_boundary": "",
                            "tags.%": "0",
                            "tags_all.%": "0",
                            "unique_id": "AROATV4K3SEV47KHKTYP4"
                        },
                        "meta": {
                            "schema_version": 0
                        },
                        "tainted": false
                    },
                    "deposed": [],
                    "provider": "provider.aws"
                },
                "aws_iam_role.tfer--AmazonEKSAutoClusterRole": {
                    "type": "aws_iam_role",
                    "depends_on": [],
                    "primary": {
                        "id": "AmazonEKSAutoClusterRole",
                        "attributes": {
                            "arn": "arn:aws:iam::253157413163:role/AmazonEKSAutoClusterRole",
                            "assume_role_policy": "{\"Statement\":[{\"Action\":[\"sts:AssumeRole\",\"sts:TagSession\"],\"Effect\":\"Allow\",\"Principal\":{\"Service\":\"eks.amazonaws.com\"}}],\"Version\":\"2012-10-17\"}",
                            "create_date": "2025-07-14T00:34:20Z",
                            "description": "Allows access to other AWS service resources that are required to operate Auto Mode clusters managed by EKS.",
                            "id": "AmazonEKSAutoClusterRole",
                            "managed_policy_arns.#": "5",
                            "managed_policy_arns.0": "arn:aws:iam::aws:policy/AmazonEKSBlockStoragePolicy",
                            "managed_policy_arns.1": "arn:aws:iam::aws:policy/AmazonEKSClusterPolicy",
                            "managed_policy_arns.2": "arn:aws:iam::aws:policy/AmazonEKSComputePolicy",
                            "managed_policy_arns.3": "arn:aws:iam::aws:policy/AmazonEKSLoadBalancingPolicy",
                            "managed_policy_arns.4": "arn:aws:iam::aws:policy/AmazonEKSNetworkingPolicy",
                            "max_session_duration": "3600",
                            "name": "AmazonEKSAutoClusterRole",
                            "name_prefix": "",
                            "path": "/",
                            "permissions_boundary": "",
                            "tags.%": "0",
                            "tags_all.%": "0",
                            "unique_id": "AROATV4K3SEV5CJ2JNVKF"
                        },
                        "meta": {
                            "schema_version": 0
                        },
                        "tainted": false
                    },
                    "deposed": [],
                    "provider": "provider.aws"
                },
                "aws_iam_role.tfer--AmazonEKSAutoNodeRole": {
                    "type": "aws_iam_role",
                    "depends_on": [],
                    "primary": {
                        "id": "AmazonEKSAutoNodeRole",
                        "attributes": {
                            "arn": "arn:aws:iam::253157413163:role/AmazonEKSAutoNodeRole",
                            "assume_role_policy": "{\"Statement\":[{\"Action\":\"sts:AssumeRole\",\"Effect\":\"Allow\",\"Principal\":{\"Service\":\"ec2.amazonaws.com\"}}],\"Version\":\"2012-10-17\"}",
                            "create_date": "2025-07-14T00:34:39Z",
                            "description": "Allows EKS nodes to connect to EKS Auto Mode clusters and to pull container images from ECR.",
                            "id": "AmazonEKSAutoNodeRole",
                            "inline_policy.#": "1",
                            "inline_policy.0.name": "eks-nodegroup-s3-access-policy",
                            "inline_policy.0.policy": "{\"Version\":\"2012-10-17\",\"Statement\":[{\"Action\":[\"s3:GetObject\",\"s3:PutObject\",\"s3:DeleteObject\",\"s3:ListBucket\"],\"Effect\":\"Allow\",\"Resource\":[\"arn:aws:s3:::test-simpleblog-files\",\"arn:aws:s3:::test-simpleblog-files/*\"]}]}",
                            "managed_policy_arns.#": "2",
                            "managed_policy_arns.0": "arn:aws:iam::aws:policy/AmazonEC2ContainerRegistryReadOnly",
                            "managed_policy_arns.1": "arn:aws:iam::aws:policy/AmazonEKSWorkerNodePolicy",
                            "max_session_duration": "3600",
                            "name": "AmazonEKSAutoNodeRole",
                            "name_prefix": "",
                            "path": "/",
                            "permissions_boundary": "",
                            "tags.%": "0",
                            "tags_all.%": "0",
                            "unique_id": "AROATV4K3SEV2JYFHAC7I"
                        },
                        "meta": {
                            "schema_version": 0
                        },
                        "tainted": false
                    },
                    "deposed": [],
                    "provider": "provider.aws"
                },
                "aws_iam_role.tfer--CWLtoKinesisRole": {
                    "type": "aws_iam_role",
                    "depends_on": [],
                    "primary": {
                        "id": "CWLtoKinesisRole",
                        "attributes": {
                            "arn": "arn:aws:iam::253157413163:role/CWLtoKinesisRole",
                            "assume_role_policy": "{\"Statement\":[{\"Action\":\"sts:AssumeRole\",\"Effect\":\"Allow\",\"Principal\":{\"Service\":\"logs.amazonaws.com\"}}],\"Version\":\"2012-10-17\"}",
                            "create_date": "2025-07-22T05:19:28Z",
                            "description": "",
                            "id": "CWLtoKinesisRole",
                            "managed_policy_arns.#": "1",
                            "managed_policy_arns.0": "arn:aws:iam::253157413163:policy/CWLtoKinesisPolicy",
                            "max_session_duration": "3600",
                            "name": "CWLtoKinesisRole",
                            "name_prefix": "",
                            "path": "/",
                            "permissions_boundary": "",
                            "tags.%": "0",
                            "tags_all.%": "0",
                            "unique_id": "AROATV4K3SEVZZ2DIB6ZF"
                        },
                        "meta": {
                            "schema_version": 0
                        },
                        "tainted": false
                    },
                    "deposed": [],
                    "provider": "provider.aws"
                },
                "aws_iam_role.tfer--CloudTrail_CloudWatchLogs_Role": {
                    "type": "aws_iam_role",
                    "depends_on": [],
                    "primary": {
                        "id": "CloudTrail_CloudWatchLogs_Role",
                        "attributes": {
                            "arn": "arn:aws:iam::253157413163:role/service-role/CloudTrail_CloudWatchLogs_Role",
                            "assume_role_policy": "{\"Statement\":[{\"Action\":\"sts:AssumeRole\",\"Condition\":{\"StringEquals\":{\"aws:SourceAccount\":\"253157413163\",\"aws:SourceArn\":\"arn:aws:cloudtrail:ap-northeast-2:253157413163:trail/test-cloudtrail-logs\"}},\"Effect\":\"Allow\",\"Principal\":{\"Service\":\"cloudtrail.amazonaws.com\"}}],\"Version\":\"2012-10-17\"}",
                            "create_date": "2025-07-22T03:27:30Z",
                            "description": "Role for config CloudWathLogs for trail test-cloudtrail-logs",
                            "id": "CloudTrail_CloudWatchLogs_Role",
                            "managed_policy_arns.#": "1",
                            "managed_policy_arns.0": "arn:aws:iam::253157413163:policy/service-role/Cloudtrail-CW-access-policy-test-cloudtrail-logs-52d5f29b-6727-451a-9308-3bda693dd917",
                            "max_session_duration": "3600",
                            "name": "CloudTrail_CloudWatchLogs_Role",
                            "name_prefix": "",
                            "path": "/service-role/",
                            "permissions_boundary": "",
                            "tags.%": "0",
                            "tags_all.%": "0",
                            "unique_id": "AROATV4K3SEVSHSDV5UEZ"
                        },
                        "meta": {
                            "schema_version": 0
                        },
                        "tainted": false
                    },
                    "deposed": [],
                    "provider": "provider.aws"
                },
                "aws_iam_role.tfer--CloudtrailRole": {
                    "type": "aws_iam_role",
                    "depends_on": [],
                    "primary": {
                        "id": "CloudtrailRole",
                        "attributes": {
                            "arn": "arn:aws:iam::253157413163:role/CloudtrailRole",
                            "assume_role_policy": "{\"Statement\":[{\"Action\":\"sts:AssumeRole\",\"Effect\":\"Allow\",\"Principal\":{\"Service\":\"cloudtrail.amazonaws.com\"}}],\"Version\":\"2012-10-17\"}",
                            "create_date": "2025-07-14T05:47:30Z",
                            "description": "CloudtrailRole",
                            "id": "CloudtrailRole",
                            "managed_policy_arns.#": "1",
                            "managed_policy_arns.0": "arn:aws:iam::253157413163:policy/CloudTrail-CloudWatch-Logs-Policy",
                            "max_session_duration": "3600",
                            "name": "CloudtrailRole",
                            "name_prefix": "",
                            "path": "/",
                            "permissions_boundary": "",
                            "tags.%": "0",
                            "tags_all.%": "0",
                            "unique_id": "AROATV4K3SEV3UYWBDTZM"
                        },
                        "meta": {
                            "schema_version": 0
                        },
                        "tainted": false
                    },
                    "deposed": [],
                    "provider": "provider.aws"
                },
                "aws_iam_role.tfer--EC2CloudWatchRule": {
                    "type": "aws_iam_role",
                    "depends_on": [],
                    "primary": {
                        "id": "EC2CloudWatchRule",
                        "attributes": {
                            "arn": "arn:aws:iam::253157413163:role/EC2CloudWatchRule",
                            "assume_role_policy": "{\"Statement\":[{\"Action\":\"sts:AssumeRole\",\"Effect\":\"Allow\",\"Principal\":{\"Service\":\"ec2.amazonaws.com\"}}],\"Version\":\"2012-10-17\"}",
                            "create_date": "2025-07-07T05:08:37Z",
                            "description": "Allows EC2 instances to call AWS services on your behalf.",
                            "id": "EC2CloudWatchRule",
                            "managed_policy_arns.#": "1",
                            "managed_policy_arns.0": "arn:aws:iam::aws:policy/CloudWatchAgentServerPolicy",
                            "max_session_duration": "3600",
                            "name": "EC2CloudWatchRule",
                            "name_prefix": "",
                            "path": "/",
                            "permissions_boundary": "",
                            "tags.%": "0",
                            "tags_all.%": "0",
                            "unique_id": "AROATV4K3SEV57SOCIQHI"
                        },
                        "meta": {
                            "schema_version": 0
                        },
                        "tainted": false
                    },
                    "deposed": [],
                    "provider": "provider.aws"
                },
                "aws_iam_role.tfer--SimpleBlogEC2Role": {
                    "type": "aws_iam_role",
                    "depends_on": [],
                    "primary": {
                        "id": "SimpleBlogEC2Role",
                        "attributes": {
                            "arn": "arn:aws:iam::253157413163:role/SimpleBlogEC2Role",
                            "assume_role_policy": "{\"Statement\":[{\"Action\":\"sts:AssumeRole\",\"Effect\":\"Allow\",\"Principal\":{\"Service\":\"ec2.amazonaws.com\"}}],\"Version\":\"2012-10-17\"}",
                            "create_date": "2025-07-24T03:27:31Z",
                            "description": "Allows EC2 instances to call AWS services on your behalf.",
                            "id": "SimpleBlogEC2Role",
                            "managed_policy_arns.#": "2",
                            "managed_policy_arns.0": "arn:aws:iam::253157413163:policy/SimpleBlogS3Policy",
                            "managed_policy_arns.1": "arn:aws:iam::aws:policy/AmazonEC2ContainerRegistryPowerUser",
                            "max_session_duration": "3600",
                            "name": "SimpleBlogEC2Role",
                            "name_prefix": "",
                            "path": "/",
                            "permissions_boundary": "",
                            "tags.%": "0",
                            "tags_all.%": "0",
                            "unique_id": "AROATV4K3SEVZUPSOSZVC"
                        },
                        "meta": {
                            "schema_version": 0
                        },
                        "tainted": false
                    },
                    "deposed": [],
                    "provider": "provider.aws"
                },
                "aws_iam_role.tfer--ec2-ecr-full-access": {
                    "type": "aws_iam_role",
                    "depends_on": [],
                    "primary": {
                        "id": "ec2-ecr-full-access",
                        "attributes": {
                            "arn": "arn:aws:iam::253157413163:role/ec2-ecr-full-access",
                            "assume_role_policy": "{\"Statement\":[{\"Action\":\"sts:AssumeRole\",\"Effect\":\"Allow\",\"Principal\":{\"Service\":\"ec2.amazonaws.com\"}}],\"Version\":\"2012-10-17\"}",
                            "create_date": "2025-07-10T02:45:36Z",
                            "description": "ec2-ecr-full-access",
                            "id": "ec2-ecr-full-access",
                            "managed_policy_arns.#": "1",
                            "managed_policy_arns.0": "arn:aws:iam::aws:policy/AmazonEC2ContainerRegistryFullAccess",
                            "max_session_duration": "3600",
                            "name": "ec2-ecr-full-access",
                            "name_prefix": "",
                            "path": "/",
                            "permissions_boundary": "",
                            "tags.%": "0",
                            "tags_all.%": "0",
                            "unique_id": "AROATV4K3SEVROACAHJ4F"
                        },
                        "meta": {
                            "schema_version": 0
                        },
                        "tainted": false
                    },
                    "deposed": [],
                    "provider": "provider.aws"
                },
                "aws_iam_role.tfer--rds-monitoring-role": {
                    "type": "aws_iam_role",
                    "depends_on": [],
                    "primary": {
                        "id": "rds-monitoring-role",
                        "attributes": {
                            "arn": "arn:aws:iam::253157413163:role/rds-monitoring-role",
                            "assume_role_policy": "{\"Statement\":[{\"Action\":\"sts:AssumeRole\",\"Effect\":\"Allow\",\"Principal\":{\"Service\":\"monitoring.rds.amazonaws.com\"},\"Sid\":\"\"}],\"Version\":\"2012-10-17\"}",
                            "create_date": "2025-07-02T01:21:48Z",
                            "description": "",
                            "id": "rds-monitoring-role",
                            "managed_policy_arns.#": "1",
                            "managed_policy_arns.0": "arn:aws:iam::aws:policy/service-role/AmazonRDSEnhancedMonitoringRole",
                            "max_session_duration": "3600",
                            "name": "rds-monitoring-role",
                            "name_prefix": "",
                            "path": "/",
                            "permissions_boundary": "",
                            "tags.%": "0",
                            "tags_all.%": "0",
                            "unique_id": "AROATV4K3SEV7X3KN7KTO"
                        },
                        "meta": {
                            "schema_version": 0
                        },
                        "tainted": false
                    },
                    "deposed": [],
                    "provider": "provider.aws"
                },
                "aws_iam_role_policy.tfer--AmazonEKSAutoNodeRole_eks-nodegroup-s3-access-policy": {
                    "type": "aws_iam_role_policy",
                    "depends_on": [],
                    "primary": {
                        "id": "AmazonEKSAutoNodeRole:eks-nodegroup-s3-access-policy",
                        "attributes": {
                            "id": "AmazonEKSAutoNodeRole:eks-nodegroup-s3-access-policy",
                            "name": "eks-nodegroup-s3-access-policy",
                            "name_prefix": "",
                            "policy": "{\"Version\":\"2012-10-17\",\"Statement\":[{\"Action\":[\"s3:GetObject\",\"s3:PutObject\",\"s3:DeleteObject\",\"s3:ListBucket\"],\"Effect\":\"Allow\",\"Resource\":[\"arn:aws:s3:::test-simpleblog-files\",\"arn:aws:s3:::test-simpleblog-files/*\"]}]}",
                            "role": "AmazonEKSAutoNodeRole"
                        },
                        "meta": {
                            "schema_version": 0
                        },
                        "tainted": false
                    },
                    "deposed": [],
                    "provider": "provider.aws"
                },
                "aws_iam_role_policy_attachment.tfer--AWSReservedSSO_ec2-dav_4cd2effaee51ed53_AmazonEC2FullAccess": {
                    "type": "aws_iam_role_policy_attachment",
                    "depends_on": [],
                    "primary": {
                        "id": "AWSReservedSSO_ec2-dav_4cd2effaee51ed53/arn:aws:iam::aws:policy/AmazonEC2FullAccess",
                        "attributes": {
                            "id": "AWSReservedSSO_ec2-dav_4cd2effaee51ed53/arn:aws:iam::aws:policy/AmazonEC2FullAccess",
                            "policy_arn": "arn:aws:iam::aws:policy/AmazonEC2FullAccess",
                            "role": "AWSReservedSSO_ec2-dav_4cd2effaee51ed53"
                        },
                        "meta": {
                            "schema_version": 0
                        },
                        "tainted": false
                    },
                    "deposed": [],
                    "provider": "provider.aws"
                },
                "aws_iam_role_policy_attachment.tfer--AWSServiceRoleForAmazonEKSNodegroup_AWSServiceRoleForAmazonEKSNodegroup": {
                    "type": "aws_iam_role_policy_attachment",
                    "depends_on": [],
                    "primary": {
                        "id": "AWSServiceRoleForAmazonEKSNodegroup/arn:aws:iam::aws:policy/aws-service-role/AWSServiceRoleForAmazonEKSNodegroup",
                        "attributes": {
                            "id": "AWSServiceRoleForAmazonEKSNodegroup/arn:aws:iam::aws:policy/aws-service-role/AWSServiceRoleForAmazonEKSNodegroup",
                            "policy_arn": "arn:aws:iam::aws:policy/aws-service-role/AWSServiceRoleForAmazonEKSNodegroup",
                            "role": "AWSServiceRoleForAmazonEKSNodegroup"
                        },
                        "meta": {
                            "schema_version": 0
                        },
                        "tainted": false
                    },
                    "deposed": [],
                    "provider": "provider.aws"
                },
                "aws_iam_role_policy_attachment.tfer--AWSServiceRoleForAmazonEKS_AmazonEKSServiceRolePolicy": {
                    "type": "aws_iam_role_policy_attachment",
                    "depends_on": [],
                    "primary": {
                        "id": "AWSServiceRoleForAmazonEKS/arn:aws:iam::aws:policy/aws-service-role/AmazonEKSServiceRolePolicy",
                        "attributes": {
                            "id": "AWSServiceRoleForAmazonEKS/arn:aws:iam::aws:policy/aws-service-role/AmazonEKSServiceRolePolicy",
                            "policy_arn": "arn:aws:iam::aws:policy/aws-service-role/AmazonEKSServiceRolePolicy",
                            "role": "AWSServiceRoleForAmazonEKS"
                        },
                        "meta": {
                            "schema_version": 0
                        },
                        "tainted": false
                    },
                    "deposed": [],
                    "provider": "provider.aws"
                },
                "aws_iam_role_policy_attachment.tfer--AWSServiceRoleForAmazonGuardDutyMalwareProtection_AmazonGuardDutyMalwareProtectionServiceRolePolicy": {
                    "type": "aws_iam_role_policy_attachment",
                    "depends_on": [],
                    "primary": {
                        "id": "AWSServiceRoleForAmazonGuardDutyMalwareProtection/arn:aws:iam::aws:policy/aws-service-role/AmazonGuardDutyMalwareProtectionServiceRolePolicy",
                        "attributes": {
                            "id": "AWSServiceRoleForAmazonGuardDutyMalwareProtection/arn:aws:iam::aws:policy/aws-service-role/AmazonGuardDutyMalwareProtectionServiceRolePolicy",
                            "policy_arn": "arn:aws:iam::aws:policy/aws-service-role/AmazonGuardDutyMalwareProtectionServiceRolePolicy",
                            "role": "AWSServiceRoleForAmazonGuardDutyMalwareProtection"
                        },
                        "meta": {
                            "schema_version": 0
                        },
                        "tainted": false
                    },
                    "deposed": [],
                    "provider": "provider.aws"
                },
                "aws_iam_role_policy_attachment.tfer--AWSServiceRoleForAmazonGuardDuty_AmazonGuardDutyServiceRolePolicy": {
                    "type": "aws_iam_role_policy_attachment",
                    "depends_on": [],
                    "primary": {
                        "id": "AWSServiceRoleForAmazonGuardDuty/arn:aws:iam::aws:policy/aws-service-role/AmazonGuardDutyServiceRolePolicy",
                        "attributes": {
                            "id": "AWSServiceRoleForAmazonGuardDuty/arn:aws:iam::aws:policy/aws-service-role/AmazonGuardDutyServiceRolePolicy",
                            "policy_arn": "arn:aws:iam::aws:policy/aws-service-role/AmazonGuardDutyServiceRolePolicy",
                            "role": "AWSServiceRoleForAmazonGuardDuty"
                        },
                        "meta": {
                            "schema_version": 0
                        },
                        "tainted": false
                    },
                    "deposed": [],
                    "provider": "provider.aws"
                },
                "aws_iam_role_policy_attachment.tfer--AWSServiceRoleForAutoScaling_AutoScalingServiceRolePolicy": {
                    "type": "aws_iam_role_policy_attachment",
                    "depends_on": [],
                    "primary": {
                        "id": "AWSServiceRoleForAutoScaling/arn:aws:iam::aws:policy/aws-service-role/AutoScalingServiceRolePolicy",
                        "attributes": {
                            "id": "AWSServiceRoleForAutoScaling/arn:aws:iam::aws:policy/aws-service-role/AutoScalingServiceRolePolicy",
                            "policy_arn": "arn:aws:iam::aws:policy/aws-service-role/AutoScalingServiceRolePolicy",
                            "role": "AWSServiceRoleForAutoScaling"
                        },
                        "meta": {
                            "schema_version": 0
                        },
                        "tainted": false
                    },
                    "deposed": [],
                    "provider": "provider.aws"
                },
                "aws_iam_role_policy_attachment.tfer--AWSServiceRoleForCloudTrail_CloudTrailServiceRolePolicy": {
                    "type": "aws_iam_role_policy_attachment",
                    "depends_on": [],
                    "primary": {
                        "id": "AWSServiceRoleForCloudTrail/arn:aws:iam::aws:policy/aws-service-role/CloudTrailServiceRolePolicy",
                        "attributes": {
                            "id": "AWSServiceRoleForCloudTrail/arn:aws:iam::aws:policy/aws-service-role/CloudTrailServiceRolePolicy",
                            "policy_arn": "arn:aws:iam::aws:policy/aws-service-role/CloudTrailServiceRolePolicy",
                            "role": "AWSServiceRoleForCloudTrail"
                        },
                        "meta": {
                            "schema_version": 0
                        },
                        "tainted": false
                    },
                    "deposed": [],
                    "provider": "provider.aws"
                },
                "aws_iam_role_policy_attachment.tfer--AWSServiceRoleForECS_AmazonECSServiceRolePolicy": {
                    "type": "aws_iam_role_policy_attachment",
                    "depends_on": [],
                    "primary": {
                        "id": "AWSServiceRoleForECS/arn:aws:iam::aws:policy/aws-service-role/AmazonECSServiceRolePolicy",
                        "attributes": {
                            "id": "AWSServiceRoleForECS/arn:aws:iam::aws:policy/aws-service-role/AmazonECSServiceRolePolicy",
                            "policy_arn": "arn:aws:iam::aws:policy/aws-service-role/AmazonECSServiceRolePolicy",
                            "role": "AWSServiceRoleForECS"
                        },
                        "meta": {
                            "schema_version": 0
                        },
                        "tainted": false
                    },
                    "deposed": [],
                    "provider": "provider.aws"
                },
                "aws_iam_role_policy_attachment.tfer--AWSServiceRoleForElasticLoadBalancing_AWSElasticLoadBalancingServiceRolePolicy": {
                    "type": "aws_iam_role_policy_attachment",
                    "depends_on": [],
                    "primary": {
                        "id": "AWSServiceRoleForElasticLoadBalancing/arn:aws:iam::aws:policy/aws-service-role/AWSElasticLoadBalancingServiceRolePolicy",
                        "attributes": {
                            "id": "AWSServiceRoleForElasticLoadBalancing/arn:aws:iam::aws:policy/aws-service-role/AWSElasticLoadBalancingServiceRolePolicy",
                            "policy_arn": "arn:aws:iam::aws:policy/aws-service-role/AWSElasticLoadBalancingServiceRolePolicy",
                            "role": "AWSServiceRoleForElasticLoadBalancing"
                        },
                        "meta": {
                            "schema_version": 0
                        },
                        "tainted": false
                    },
                    "deposed": [],
                    "provider": "provider.aws"
                },
                "aws_iam_role_policy_attachment.tfer--AWSServiceRoleForGlobalAccelerator_AWSGlobalAcceleratorSLRPolicy": {
                    "type": "aws_iam_role_policy_attachment",
                    "depends_on": [],
                    "primary": {
                        "id": "AWSServiceRoleForGlobalAccelerator/arn:aws:iam::aws:policy/aws-service-role/AWSGlobalAcceleratorSLRPolicy",
                        "attributes": {
                            "id": "AWSServiceRoleForGlobalAccelerator/arn:aws:iam::aws:policy/aws-service-role/AWSGlobalAcceleratorSLRPolicy",
                            "policy_arn": "arn:aws:iam::aws:policy/aws-service-role/AWSGlobalAcceleratorSLRPolicy",
                            "role": "AWSServiceRoleForGlobalAccelerator"
                        },
                        "meta": {
                            "schema_version": 0
                        },
                        "tainted": false
                    },
                    "deposed": [],
                    "provider": "provider.aws"
                },
                "aws_iam_role_policy_attachment.tfer--AWSServiceRoleForOrganizations_AWSOrganizationsServiceTrustPolicy": {
                    "type": "aws_iam_role_policy_attachment",
                    "depends_on": [],
                    "primary": {
                        "id": "AWSServiceRoleForOrganizations/arn:aws:iam::aws:policy/aws-service-role/AWSOrganizationsServiceTrustPolicy",
                        "attributes": {
                            "id": "AWSServiceRoleForOrganizations/arn:aws:iam::aws:policy/aws-service-role/AWSOrganizationsServiceTrustPolicy",
                            "policy_arn": "arn:aws:iam::aws:policy/aws-service-role/AWSOrganizationsServiceTrustPolicy",
                            "role": "AWSServiceRoleForOrganizations"
                        },
                        "meta": {
                            "schema_version": 0
                        },
                        "tainted": false
                    },
                    "deposed": [],
                    "provider": "provider.aws"
                },
                "aws_iam_role_policy_attachment.tfer--AWSServiceRoleForRDS_AmazonRDSServiceRolePolicy": {
                    "type": "aws_iam_role_policy_attachment",
                    "depends_on": [],
                    "primary": {
                        "id": "AWSServiceRoleForRDS/arn:aws:iam::aws:policy/aws-service-role/AmazonRDSServiceRolePolicy",
                        "attributes": {
                            "id": "AWSServiceRoleForRDS/arn:aws:iam::aws:policy/aws-service-role/AmazonRDSServiceRolePolicy",
                            "policy_arn": "arn:aws:iam::aws:policy/aws-service-role/AmazonRDSServiceRolePolicy",
                            "role": "AWSServiceRoleForRDS"
                        },
                        "meta": {
                            "schema_version": 0
                        },
                        "tainted": false
                    },
                    "deposed": [],
                    "provider": "provider.aws"
                },
                "aws_iam_role_policy_attachment.tfer--AWSServiceRoleForSSO_AWSSSOServiceRolePolicy": {
                    "type": "aws_iam_role_policy_attachment",
                    "depends_on": [],
                    "primary": {
                        "id": "AWSServiceRoleForSSO/arn:aws:iam::aws:policy/aws-service-role/AWSSSOServiceRolePolicy",
                        "attributes": {
                            "id": "AWSServiceRoleForSSO/arn:aws:iam::aws:policy/aws-service-role/AWSSSOServiceRolePolicy",
                            "policy_arn": "arn:aws:iam::aws:policy/aws-service-role/AWSSSOServiceRolePolicy",
                            "role": "AWSServiceRoleForSSO"
                        },
                        "meta": {
                            "schema_version": 0
                        },
                        "tainted": false
                    },
                    "deposed": [],
                    "provider": "provider.aws"
                },
                "aws_iam_role_policy_attachment.tfer--AWSServiceRoleForSecurityHub_AWSSecurityHubServiceRolePolicy": {
                    "type": "aws_iam_role_policy_attachment",
                    "depends_on": [],
                    "primary": {
                        "id": "AWSServiceRoleForSecurityHub/arn:aws:iam::aws:policy/aws-service-role/AWSSecurityHubServiceRolePolicy",
                        "attributes": {
                            "id": "AWSServiceRoleForSecurityHub/arn:aws:iam::aws:policy/aws-service-role/AWSSecurityHubServiceRolePolicy",
                            "policy_arn": "arn:aws:iam::aws:policy/aws-service-role/AWSSecurityHubServiceRolePolicy",
                            "role": "AWSServiceRoleForSecurityHub"
                        },
                        "meta": {
                            "schema_version": 0
                        },
                        "tainted": false
                    },
                    "deposed": [],
                    "provider": "provider.aws"
                },
                "aws_iam_role_policy_attachment.tfer--AWSServiceRoleForSupport_AWSSupportServiceRolePolicy": {
                    "type": "aws_iam_role_policy_attachment",
                    "depends_on": [],
                    "primary": {
                        "id": "AWSServiceRoleForSupport/arn:aws:iam::aws:policy/aws-service-role/AWSSupportServiceRolePolicy",
                        "attributes": {
                            "id": "AWSServiceRoleForSupport/arn:aws:iam::aws:policy/aws-service-role/AWSSupportServiceRolePolicy",
                            "policy_arn": "arn:aws:iam::aws:policy/aws-service-role/AWSSupportServiceRolePolicy",
                            "role": "AWSServiceRoleForSupport"
                        },
                        "meta": {
                            "schema_version": 0
                        },
                        "tainted": false
                    },
                    "deposed": [],
                    "provider": "provider.aws"
                },
                "aws_iam_role_policy_attachment.tfer--AWSServiceRoleForTrustedAdvisor_AWSTrustedAdvisorServiceRolePolicy": {
                    "type": "aws_iam_role_policy_attachment",
                    "depends_on": [],
                    "primary": {
                        "id": "AWSServiceRoleForTrustedAdvisor/arn:aws:iam::aws:policy/aws-service-role/AWSTrustedAdvisorServiceRolePolicy",
                        "attributes": {
                            "id": "AWSServiceRoleForTrustedAdvisor/arn:aws:iam::aws:policy/aws-service-role/AWSTrustedAdvisorServiceRolePolicy",
                            "policy_arn": "arn:aws:iam::aws:policy/aws-service-role/AWSTrustedAdvisorServiceRolePolicy",
                            "role": "AWSServiceRoleForTrustedAdvisor"
                        },
                        "meta": {
                            "schema_version": 0
                        },
                        "tainted": false
                    },
                    "deposed": [],
                    "provider": "provider.aws"
                },
                "aws_iam_role_policy_attachment.tfer--AmazonEKSAutoClusterRole_AmazonEKSBlockStoragePolicy": {
                    "type": "aws_iam_role_policy_attachment",
                    "depends_on": [],
                    "primary": {
                        "id": "AmazonEKSAutoClusterRole/arn:aws:iam::aws:policy/AmazonEKSBlockStoragePolicy",
                        "attributes": {
                            "id": "AmazonEKSAutoClusterRole/arn:aws:iam::aws:policy/AmazonEKSBlockStoragePolicy",
                            "policy_arn": "arn:aws:iam::aws:policy/AmazonEKSBlockStoragePolicy",
                            "role": "AmazonEKSAutoClusterRole"
                        },
                        "meta": {
                            "schema_version": 0
                        },
                        "tainted": false
                    },
                    "deposed": [],
                    "provider": "provider.aws"
                },
                "aws_iam_role_policy_attachment.tfer--AmazonEKSAutoClusterRole_AmazonEKSClusterPolicy": {
                    "type": "aws_iam_role_policy_attachment",
                    "depends_on": [],
                    "primary": {
                        "id": "AmazonEKSAutoClusterRole/arn:aws:iam::aws:policy/AmazonEKSClusterPolicy",
                        "attributes": {
                            "id": "AmazonEKSAutoClusterRole/arn:aws:iam::aws:policy/AmazonEKSClusterPolicy",
                            "policy_arn": "arn:aws:iam::aws:policy/AmazonEKSClusterPolicy",
                            "role": "AmazonEKSAutoClusterRole"
                        },
                        "meta": {
                            "schema_version": 0
                        },
                        "tainted": false
                    },
                    "deposed": [],
                    "provider": "provider.aws"
                },
                "aws_iam_role_policy_attachment.tfer--AmazonEKSAutoClusterRole_AmazonEKSComputePolicy": {
                    "type": "aws_iam_role_policy_attachment",
                    "depends_on": [],
                    "primary": {
                        "id": "AmazonEKSAutoClusterRole/arn:aws:iam::aws:policy/AmazonEKSComputePolicy",
                        "attributes": {
                            "id": "AmazonEKSAutoClusterRole/arn:aws:iam::aws:policy/AmazonEKSComputePolicy",
                            "policy_arn": "arn:aws:iam::aws:policy/AmazonEKSComputePolicy",
                            "role": "AmazonEKSAutoClusterRole"
                        },
                        "meta": {
                            "schema_version": 0
                        },
                        "tainted": false
                    },
                    "deposed": [],
                    "provider": "provider.aws"
                },
                "aws_iam_role_policy_attachment.tfer--AmazonEKSAutoClusterRole_AmazonEKSLoadBalancingPolicy": {
                    "type": "aws_iam_role_policy_attachment",
                    "depends_on": [],
                    "primary": {
                        "id": "AmazonEKSAutoClusterRole/arn:aws:iam::aws:policy/AmazonEKSLoadBalancingPolicy",
                        "attributes": {
                            "id": "AmazonEKSAutoClusterRole/arn:aws:iam::aws:policy/AmazonEKSLoadBalancingPolicy",
                            "policy_arn": "arn:aws:iam::aws:policy/AmazonEKSLoadBalancingPolicy",
                            "role": "AmazonEKSAutoClusterRole"
                        },
                        "meta": {
                            "schema_version": 0
                        },
                        "tainted": false
                    },
                    "deposed": [],
                    "provider": "provider.aws"
                },
                "aws_iam_role_policy_attachment.tfer--AmazonEKSAutoClusterRole_AmazonEKSNetworkingPolicy": {
                    "type": "aws_iam_role_policy_attachment",
                    "depends_on": [],
                    "primary": {
                        "id": "AmazonEKSAutoClusterRole/arn:aws:iam::aws:policy/AmazonEKSNetworkingPolicy",
                        "attributes": {
                            "id": "AmazonEKSAutoClusterRole/arn:aws:iam::aws:policy/AmazonEKSNetworkingPolicy",
                            "policy_arn": "arn:aws:iam::aws:policy/AmazonEKSNetworkingPolicy",
                            "role": "AmazonEKSAutoClusterRole"
                        },
                        "meta": {
                            "schema_version": 0
                        },
                        "tainted": false
                    },
                    "deposed": [],
                    "provider": "provider.aws"
                },
                "aws_iam_role_policy_attachment.tfer--AmazonEKSAutoNodeRole_AmazonEC2ContainerRegistryReadOnly": {
                    "type": "aws_iam_role_policy_attachment",
                    "depends_on": [],
                    "primary": {
                        "id": "AmazonEKSAutoNodeRole/arn:aws:iam::aws:policy/AmazonEC2ContainerRegistryReadOnly",
                        "attributes": {
                            "id": "AmazonEKSAutoNodeRole/arn:aws:iam::aws:policy/AmazonEC2ContainerRegistryReadOnly",
                            "policy_arn": "arn:aws:iam::aws:policy/AmazonEC2ContainerRegistryReadOnly",
                            "role": "AmazonEKSAutoNodeRole"
                        },
                        "meta": {
                            "schema_version": 0
                        },
                        "tainted": false
                    },
                    "deposed": [],
                    "provider": "provider.aws"
                },
                "aws_iam_role_policy_attachment.tfer--AmazonEKSAutoNodeRole_AmazonEKSWorkerNodePolicy": {
                    "type": "aws_iam_role_policy_attachment",
                    "depends_on": [],
                    "primary": {
                        "id": "AmazonEKSAutoNodeRole/arn:aws:iam::aws:policy/AmazonEKSWorkerNodePolicy",
                        "attributes": {
                            "id": "AmazonEKSAutoNodeRole/arn:aws:iam::aws:policy/AmazonEKSWorkerNodePolicy",
                            "policy_arn": "arn:aws:iam::aws:policy/AmazonEKSWorkerNodePolicy",
                            "role": "AmazonEKSAutoNodeRole"
                        },
                        "meta": {
                            "schema_version": 0
                        },
                        "tainted": false
                    },
                    "deposed": [],
                    "provider": "provider.aws"
                },
                "aws_iam_role_policy_attachment.tfer--CWLtoKinesisRole_CWLtoKinesisPolicy": {
                    "type": "aws_iam_role_policy_attachment",
                    "depends_on": [],
                    "primary": {
                        "id": "CWLtoKinesisRole/arn:aws:iam::253157413163:policy/CWLtoKinesisPolicy",
                        "attributes": {
                            "id": "CWLtoKinesisRole/arn:aws:iam::253157413163:policy/CWLtoKinesisPolicy",
                            "policy_arn": "arn:aws:iam::253157413163:policy/CWLtoKinesisPolicy",
                            "role": "CWLtoKinesisRole"
                        },
                        "meta": {
                            "schema_version": 0
                        },
                        "tainted": false
                    },
                    "deposed": [],
                    "provider": "provider.aws"
                },
                "aws_iam_role_policy_attachment.tfer--CloudTrail_CloudWatchLogs_Role_Cloudtrail-CW-access-policy-test-cloudtrail-logs-52d5f29b-6727-451a-9308-3bda693dd917": {
                    "type": "aws_iam_role_policy_attachment",
                    "depends_on": [],
                    "primary": {
                        "id": "CloudTrail_CloudWatchLogs_Role/arn:aws:iam::253157413163:policy/service-role/Cloudtrail-CW-access-policy-test-cloudtrail-logs-52d5f29b-6727-451a-9308-3bda693dd917",
                        "attributes": {
                            "id": "CloudTrail_CloudWatchLogs_Role/arn:aws:iam::253157413163:policy/service-role/Cloudtrail-CW-access-policy-test-cloudtrail-logs-52d5f29b-6727-451a-9308-3bda693dd917",
                            "policy_arn": "arn:aws:iam::253157413163:policy/service-role/Cloudtrail-CW-access-policy-test-cloudtrail-logs-52d5f29b-6727-451a-9308-3bda693dd917",
                            "role": "CloudTrail_CloudWatchLogs_Role"
                        },
                        "meta": {
                            "schema_version": 0
                        },
                        "tainted": false
                    },
                    "deposed": [],
                    "provider": "provider.aws"
                },
                "aws_iam_role_policy_attachment.tfer--CloudtrailRole_CloudTrail-CloudWatch-Logs-Policy": {
                    "type": "aws_iam_role_policy_attachment",
                    "depends_on": [],
                    "primary": {
                        "id": "CloudtrailRole/arn:aws:iam::253157413163:policy/CloudTrail-CloudWatch-Logs-Policy",
                        "attributes": {
                            "id": "CloudtrailRole/arn:aws:iam::253157413163:policy/CloudTrail-CloudWatch-Logs-Policy",
                            "policy_arn": "arn:aws:iam::253157413163:policy/CloudTrail-CloudWatch-Logs-Policy",
                            "role": "CloudtrailRole"
                        },
                        "meta": {
                            "schema_version": 0
                        },
                        "tainted": false
                    },
                    "deposed": [],
                    "provider": "provider.aws"
                },
                "aws_iam_role_policy_attachment.tfer--EC2CloudWatchRule_CloudWatchAgentServerPolicy": {
                    "type": "aws_iam_role_policy_attachment",
                    "depends_on": [],
                    "primary": {
                        "id": "EC2CloudWatchRule/arn:aws:iam::aws:policy/CloudWatchAgentServerPolicy",
                        "attributes": {
                            "id": "EC2CloudWatchRule/arn:aws:iam::aws:policy/CloudWatchAgentServerPolicy",
                            "policy_arn": "arn:aws:iam::aws:policy/CloudWatchAgentServerPolicy",
                            "role": "EC2CloudWatchRule"
                        },
                        "meta": {
                            "schema_version": 0
                        },
                        "tainted": false
                    },
                    "deposed": [],
                    "provider": "provider.aws"
                },
                "aws_iam_role_policy_attachment.tfer--SimpleBlogEC2Role_AmazonEC2ContainerRegistryPowerUser": {
                    "type": "aws_iam_role_policy_attachment",
                    "depends_on": [],
                    "primary": {
                        "id": "SimpleBlogEC2Role/arn:aws:iam::aws:policy/AmazonEC2ContainerRegistryPowerUser",
                        "attributes": {
                            "id": "SimpleBlogEC2Role/arn:aws:iam::aws:policy/AmazonEC2ContainerRegistryPowerUser",
                            "policy_arn": "arn:aws:iam::aws:policy/AmazonEC2ContainerRegistryPowerUser",
                            "role": "SimpleBlogEC2Role"
                        },
                        "meta": {
                            "schema_version": 0
                        },
                        "tainted": false
                    },
                    "deposed": [],
                    "provider": "provider.aws"
                },
                "aws_iam_role_policy_attachment.tfer--SimpleBlogEC2Role_SimpleBlogS3Policy": {
                    "type": "aws_iam_role_policy_attachment",
                    "depends_on": [],
                    "primary": {
                        "id": "SimpleBlogEC2Role/arn:aws:iam::253157413163:policy/SimpleBlogS3Policy",
                        "attributes": {
                            "id": "SimpleBlogEC2Role/arn:aws:iam::253157413163:policy/SimpleBlogS3Policy",
                            "policy_arn": "arn:aws:iam::253157413163:policy/SimpleBlogS3Policy",
                            "role": "SimpleBlogEC2Role"
                        },
                        "meta": {
                            "schema_version": 0
                        },
                        "tainted": false
                    },
                    "deposed": [],
                    "provider": "provider.aws"
                },
                "aws_iam_role_policy_attachment.tfer--ec2-ecr-full-access_AmazonEC2ContainerRegistryFullAccess": {
                    "type": "aws_iam_role_policy_attachment",
                    "depends_on": [],
                    "primary": {
                        "id": "ec2-ecr-full-access/arn:aws:iam::aws:policy/AmazonEC2ContainerRegistryFullAccess",
                        "attributes": {
                            "id": "ec2-ecr-full-access/arn:aws:iam::aws:policy/AmazonEC2ContainerRegistryFullAccess",
                            "policy_arn": "arn:aws:iam::aws:policy/AmazonEC2ContainerRegistryFullAccess",
                            "role": "ec2-ecr-full-access"
                        },
                        "meta": {
                            "schema_version": 0
                        },
                        "tainted": false
                    },
                    "deposed": [],
                    "provider": "provider.aws"
                },
                "aws_iam_role_policy_attachment.tfer--rds-monitoring-role_AmazonRDSEnhancedMonitoringRole": {
                    "type": "aws_iam_role_policy_attachment",
                    "depends_on": [],
                    "primary": {
                        "id": "rds-monitoring-role/arn:aws:iam::aws:policy/service-role/AmazonRDSEnhancedMonitoringRole",
                        "attributes": {
                            "id": "rds-monitoring-role/arn:aws:iam::aws:policy/service-role/AmazonRDSEnhancedMonitoringRole",
                            "policy_arn": "arn:aws:iam::aws:policy/service-role/AmazonRDSEnhancedMonitoringRole",
                            "role": "rds-monitoring-role"
                        },
                        "meta": {
                            "schema_version": 0
                        },
                        "tainted": false
                    },
                    "deposed": [],
                    "provider": "provider.aws"
                },
                "aws_iam_user.tfer--AIDATV4K3SEV4NCLENORQ": {
                    "type": "aws_iam_user",
                    "depends_on": [],
                    "primary": {
                        "id": "github-actions-deploy-user",
                        "attributes": {
                            "arn": "arn:aws:iam::253157413163:user/github-actions-deploy-user",
                            "force_destroy": "false",
                            "id": "github-actions-deploy-user",
                            "name": "github-actions-deploy-user",
                            "path": "/",
                            "permissions_boundary": "",
                            "tags.%": "0",
                            "tags_all.%": "0",
                            "unique_id": "AIDATV4K3SEV4NCLENORQ"
                        },
                        "meta": {
                            "schema_version": 0
                        },
                        "tainted": false
                    },
                    "deposed": [],
                    "provider": "provider.aws"
                },
                "aws_iam_user.tfer--AIDATV4K3SEV72ZRYCC5M": {
                    "type": "aws_iam_user",
                    "depends_on": [],
                    "primary": {
                        "id": "splunk-kinesis-reader",
                        "attributes": {
                            "arn": "arn:aws:iam::253157413163:user/splunk-kinesis-reader",
                            "force_destroy": "false",
                            "id": "splunk-kinesis-reader",
                            "name": "splunk-kinesis-reader",
                            "path": "/",
                            "permissions_boundary": "",
                            "tags.%": "0",
                            "tags_all.%": "0",
                            "unique_id": "AIDATV4K3SEV72ZRYCC5M"
                        },
                        "meta": {
                            "schema_version": 0
                        },
                        "tainted": false
                    },
                    "deposed": [],
                    "provider": "provider.aws"
                },
                "aws_iam_user.tfer--AIDATV4K3SEVQCPNXEVES": {
                    "type": "aws_iam_user",
                    "depends_on": [],
                    "primary": {
                        "id": "20010304h",
                        "attributes": {
                            "arn": "arn:aws:iam::253157413163:user/20010304h",
                            "force_destroy": "false",
                            "id": "20010304h",
                            "name": "20010304h",
                            "path": "/",
                            "permissions_boundary": "",
                            "tags.%": "0",
                            "tags_all.%": "0",
                            "unique_id": "AIDATV4K3SEVQCPNXEVES"
                        },
                        "meta": {
                            "schema_version": 0
                        },
                        "tainted": false
                    },
                    "deposed": [],
                    "provider": "provider.aws"
                },
                "aws_iam_user.tfer--AIDATV4K3SEVSTUEOG2TM": {
                    "type": "aws_iam_user",
                    "depends_on": [],
                    "primary": {
                        "id": "k8s",
                        "attributes": {
                            "arn": "arn:aws:iam::253157413163:user/k8s",
                            "force_destroy": "false",
                            "id": "k8s",
                            "name": "k8s",
                            "path": "/",
                            "permissions_boundary": "",
                            "tags.%": "0",
                            "tags_all.%": "0",
                            "unique_id": "AIDATV4K3SEVSTUEOG2TM"
                        },
                        "meta": {
                            "schema_version": 0
                        },
                        "tainted": false
                    },
                    "deposed": [],
                    "provider": "provider.aws"
                },
                "aws_iam_user.tfer--AIDATV4K3SEVTJ4EXWIG3": {
                    "type": "aws_iam_user",
                    "depends_on": [],
                    "primary": {
                        "id": "godori1012",
                        "attributes": {
                            "arn": "arn:aws:iam::253157413163:user/godori1012",
                            "force_destroy": "false",
                            "id": "godori1012",
                            "name": "godori1012",
                            "path": "/",
                            "permissions_boundary": "",
                            "tags.%": "0",
                            "tags_all.%": "0",
                            "unique_id": "AIDATV4K3SEVTJ4EXWIG3"
                        },
                        "meta": {
                            "schema_version": 0
                        },
                        "tainted": false
                    },
                    "deposed": [],
                    "provider": "provider.aws"
                },
                "aws_iam_user.tfer--AIDATV4K3SEVTZLHC7OSN": {
                    "type": "aws_iam_user",
                    "depends_on": [],
                    "primary": {
                        "id": "blog-s3-user",
                        "attributes": {
                            "arn": "arn:aws:iam::253157413163:user/blog-s3-user",
                            "force_destroy": "false",
                            "id": "blog-s3-user",
                            "name": "blog-s3-user",
                            "path": "/",
                            "permissions_boundary": "",
                            "tags.%": "0",
                            "tags_all.%": "0",
                            "unique_id": "AIDATV4K3SEVTZLHC7OSN"
                        },
                        "meta": {
                            "schema_version": 0
                        },
                        "tainted": false
                    },
                    "deposed": [],
                    "provider": "provider.aws"
                },
                "aws_iam_user.tfer--AIDATV4K3SEVV35MHA65O": {
                    "type": "aws_iam_user",
                    "depends_on": [],
                    "primary": {
                        "id": "test_user",
                        "attributes": {
                            "arn": "arn:aws:iam::253157413163:user/test_user",
                            "force_destroy": "false",
                            "id": "test_user",
                            "name": "test_user",
                            "path": "/",
                            "permissions_boundary": "",
                            "tags.%": "0",
                            "tags_all.%": "0",
                            "unique_id": "AIDATV4K3SEVV35MHA65O"
                        },
                        "meta": {
                            "schema_version": 0
                        },
                        "tainted": false
                    },
                    "deposed": [],
                    "provider": "provider.aws"
                },
                "aws_iam_user.tfer--AIDATV4K3SEVWJDKGYNB6": {
                    "type": "aws_iam_user",
                    "depends_on": [],
                    "primary": {
                        "id": "splunk_addon",
                        "attributes": {
                            "arn": "arn:aws:iam::253157413163:user/splunk_addon",
                            "force_destroy": "false",
                            "id": "splunk_addon",
                            "name": "splunk_addon",
                            "path": "/",
                            "permissions_boundary": "",
                            "tags.%": "0",
                            "tags_all.%": "0",
                            "unique_id": "AIDATV4K3SEVWJDKGYNB6"
                        },
                        "meta": {
                            "schema_version": 0
                        },
                        "tainted": false
                    },
                    "deposed": [],
                    "provider": "provider.aws"
                },
                "aws_iam_user.tfer--AIDATV4K3SEVWXQRO6LBF": {
                    "type": "aws_iam_user",
                    "depends_on": [],
                    "primary": {
                        "id": "admin",
                        "attributes": {
                            "arn": "arn:aws:iam::253157413163:user/admin",
                            "force_destroy": "false",
                            "id": "admin",
                            "name": "admin",
                            "path": "/",
                            "permissions_boundary": "",
                            "tags.%": "0",
                            "tags_all.%": "0",
                            "unique_id": "AIDATV4K3SEVWXQRO6LBF"
                        },
                        "meta": {
                            "schema_version": 0
                        },
                        "tainted": false
                    },
                    "deposed": [],
                    "provider": "provider.aws"
                },
                "aws_iam_user.tfer--AIDATV4K3SEVX34LBTZSE": {
                    "type": "aws_iam_user",
                    "depends_on": [],
                    "primary": {
                        "id": "hako5460",
                        "attributes": {
                            "arn": "arn:aws:iam::253157413163:user/hako5460",
                            "force_destroy": "false",
                            "id": "hako5460",
                            "name": "hako5460",
                            "path": "/",
                            "permissions_boundary": "",
                            "tags.%": "0",
                            "tags_all.%": "0",
                            "unique_id": "AIDATV4K3SEVX34LBTZSE"
                        },
                        "meta": {
                            "schema_version": 0
                        },
                        "tainted": false
                    },
                    "deposed": [],
                    "provider": "provider.aws"
                },
                "aws_iam_user.tfer--AIDATV4K3SEVZ4WQYEE7S": {
                    "type": "aws_iam_user",
                    "depends_on": [],
                    "primary": {
                        "id": "xogoon",
                        "attributes": {
                            "arn": "arn:aws:iam::253157413163:user/xogoon",
                            "force_destroy": "false",
                            "id": "xogoon",
                            "name": "xogoon",
                            "path": "/",
                            "permissions_boundary": "",
                            "tags.%": "0",
                            "tags_all.%": "0",
                            "unique_id": "AIDATV4K3SEVZ4WQYEE7S"
                        },
                        "meta": {
                            "schema_version": 0
                        },
                        "tainted": false
                    },
                    "deposed": [],
                    "provider": "provider.aws"
                },
                "aws_iam_user_group_membership.tfer--20010304h-002F-PowerUsers": {
                    "type": "aws_iam_user_group_membership",
                    "depends_on": [],
                    "primary": {
                        "id": "20010304h/PowerUsers",
                        "attributes": {
                            "groups.#": "1",
                            "groups.0": "PowerUsers",
                            "id": "20010304h/PowerUsers",
                            "user": "20010304h"
                        },
                        "meta": {
                            "schema_version": 0
                        },
                        "tainted": false
                    },
                    "deposed": [],
                    "provider": "provider.aws"
                },
                "aws_iam_user_group_membership.tfer--admin-002F-Administer": {
                    "type": "aws_iam_user_group_membership",
                    "depends_on": [],
                    "primary": {
                        "id": "admin/Administer",
                        "attributes": {
                            "groups.#": "1",
                            "groups.0": "Administer",
                            "id": "admin/Administer",
                            "user": "admin"
                        },
                        "meta": {
                            "schema_version": 0
                        },
                        "tainted": false
                    },
                    "deposed": [],
                    "provider": "provider.aws"
                },
                "aws_iam_user_group_membership.tfer--admin-002F-SplunkAdmin": {
                    "type": "aws_iam_user_group_membership",
                    "depends_on": [],
                    "primary": {
                        "id": "admin/SplunkAdmin",
                        "attributes": {
                            "groups.#": "1",
                            "groups.0": "SplunkAdmin",
                            "id": "admin/SplunkAdmin",
                            "user": "admin"
                        },
                        "meta": {
                            "schema_version": 0
                        },
                        "tainted": false
                    },
                    "deposed": [],
                    "provider": "provider.aws"
                },
                "aws_iam_user_group_membership.tfer--blog-s3-user-002F-ServiceUserGroup": {
                    "type": "aws_iam_user_group_membership",
                    "depends_on": [],
                    "primary": {
                        "id": "blog-s3-user/ServiceUserGroup",
                        "attributes": {
                            "groups.#": "1",
                            "groups.0": "ServiceUserGroup",
                            "id": "blog-s3-user/ServiceUserGroup",
                            "user": "blog-s3-user"
                        },
                        "meta": {
                            "schema_version": 0
                        },
                        "tainted": false
                    },
                    "deposed": [],
                    "provider": "provider.aws"
                },
                "aws_iam_user_group_membership.tfer--godori1012-002F-PowerUsers": {
                    "type": "aws_iam_user_group_membership",
                    "depends_on": [],
                    "primary": {
                        "id": "godori1012/PowerUsers",
                        "attributes": {
                            "groups.#": "1",
                            "groups.0": "PowerUsers",
                            "id": "godori1012/PowerUsers",
                            "user": "godori1012"
                        },
                        "meta": {
                            "schema_version": 0
                        },
                        "tainted": false
                    },
                    "deposed": [],
                    "provider": "provider.aws"
                },
                "aws_iam_user_group_membership.tfer--godori1012-002F-SplunkAdmin": {
                    "type": "aws_iam_user_group_membership",
                    "depends_on": [],
                    "primary": {
                        "id": "godori1012/SplunkAdmin",
                        "attributes": {
                            "groups.#": "1",
                            "groups.0": "SplunkAdmin",
                            "id": "godori1012/SplunkAdmin",
                            "user": "godori1012"
                        },
                        "meta": {
                            "schema_version": 0
                        },
                        "tainted": false
                    },
                    "deposed": [],
                    "provider": "provider.aws"
                },
                "aws_iam_user_group_membership.tfer--hako5460-002F-PowerUsers": {
                    "type": "aws_iam_user_group_membership",
                    "depends_on": [],
                    "primary": {
                        "id": "hako5460/PowerUsers",
                        "attributes": {
                            "groups.#": "1",
                            "groups.0": "PowerUsers",
                            "id": "hako5460/PowerUsers",
                            "user": "hako5460"
                        },
                        "meta": {
                            "schema_version": 0
                        },
                        "tainted": false
                    },
                    "deposed": [],
                    "provider": "provider.aws"
                },
                "aws_iam_user_group_membership.tfer--splunk-kinesis-reader-002F-ServiceUserGroup": {
                    "type": "aws_iam_user_group_membership",
                    "depends_on": [],
                    "primary": {
                        "id": "splunk-kinesis-reader/ServiceUserGroup",
                        "attributes": {
                            "groups.#": "1",
                            "groups.0": "ServiceUserGroup",
                            "id": "splunk-kinesis-reader/ServiceUserGroup",
                            "user": "splunk-kinesis-reader"
                        },
                        "meta": {
                            "schema_version": 0
                        },
                        "tainted": false
                    },
                    "deposed": [],
                    "provider": "provider.aws"
                },
                "aws_iam_user_group_membership.tfer--test_user-002F-Administer": {
                    "type": "aws_iam_user_group_membership",
                    "depends_on": [],
                    "primary": {
                        "id": "test_user/Administer",
                        "attributes": {
                            "groups.#": "1",
                            "groups.0": "Administer",
                            "id": "test_user/Administer",
                            "user": "test_user"
                        },
                        "meta": {
                            "schema_version": 0
                        },
                        "tainted": false
                    },
                    "deposed": [],
                    "provider": "provider.aws"
                },
                "aws_iam_user_group_membership.tfer--xogoon-002F-PowerUsers": {
                    "type": "aws_iam_user_group_membership",
                    "depends_on": [],
                    "primary": {
                        "id": "xogoon/PowerUsers",
                        "attributes": {
                            "groups.#": "1",
                            "groups.0": "PowerUsers",
                            "id": "xogoon/PowerUsers",
                            "user": "xogoon"
                        },
                        "meta": {
                            "schema_version": 0
                        },
                        "tainted": false
                    },
                    "deposed": [],
                    "provider": "provider.aws"
                },
                "aws_iam_user_policy_attachment.tfer--20010304h_IAMUserChangePassword": {
                    "type": "aws_iam_user_policy_attachment",
                    "depends_on": [],
                    "primary": {
                        "id": "20010304h/arn:aws:iam::aws:policy/IAMUserChangePassword",
                        "attributes": {
                            "id": "20010304h/arn:aws:iam::aws:policy/IAMUserChangePassword",
                            "policy_arn": "arn:aws:iam::aws:policy/IAMUserChangePassword",
                            "user": "20010304h"
                        },
                        "meta": {
                            "schema_version": 0
                        },
                        "tainted": false
                    },
                    "deposed": [],
                    "provider": "provider.aws"
                },
                "aws_iam_user_policy_attachment.tfer--admin_IAMUserChangePassword": {
                    "type": "aws_iam_user_policy_attachment",
                    "depends_on": [],
                    "primary": {
                        "id": "admin/arn:aws:iam::aws:policy/IAMUserChangePassword",
                        "attributes": {
                            "id": "admin/arn:aws:iam::aws:policy/IAMUserChangePassword",
                            "policy_arn": "arn:aws:iam::aws:policy/IAMUserChangePassword",
                            "user": "admin"
                        },
                        "meta": {
                            "schema_version": 0
                        },
                        "tainted": false
                    },
                    "deposed": [],
                    "provider": "provider.aws"
                },
                "aws_iam_user_policy_attachment.tfer--blog-s3-user_SimpleBlogS3Policy": {
                    "type": "aws_iam_user_policy_attachment",
                    "depends_on": [],
                    "primary": {
                        "id": "blog-s3-user/arn:aws:iam::253157413163:policy/SimpleBlogS3Policy",
                        "attributes": {
                            "id": "blog-s3-user/arn:aws:iam::253157413163:policy/SimpleBlogS3Policy",
                            "policy_arn": "arn:aws:iam::253157413163:policy/SimpleBlogS3Policy",
                            "user": "blog-s3-user"
                        },
                        "meta": {
                            "schema_version": 0
                        },
                        "tainted": false
                    },
                    "deposed": [],
                    "provider": "provider.aws"
                },
                "aws_iam_user_policy_attachment.tfer--github-actions-deploy-user_AdministratorAccess": {
                    "type": "aws_iam_user_policy_attachment",
                    "depends_on": [],
                    "primary": {
                        "id": "github-actions-deploy-user/arn:aws:iam::aws:policy/AdministratorAccess",
                        "attributes": {
                            "id": "github-actions-deploy-user/arn:aws:iam::aws:policy/AdministratorAccess",
                            "policy_arn": "arn:aws:iam::aws:policy/AdministratorAccess",
                            "user": "github-actions-deploy-user"
                        },
                        "meta": {
                            "schema_version": 0
                        },
                        "tainted": false
                    },
                    "deposed": [],
                    "provider": "provider.aws"
                },
                "aws_iam_user_policy_attachment.tfer--github-actions-deploy-user_AmazonEC2ContainerRegistryFullAccess": {
                    "type": "aws_iam_user_policy_attachment",
                    "depends_on": [],
                    "primary": {
                        "id": "github-actions-deploy-user/arn:aws:iam::aws:policy/AmazonEC2ContainerRegistryFullAccess",
                        "attributes": {
                            "id": "github-actions-deploy-user/arn:aws:iam::aws:policy/AmazonEC2ContainerRegistryFullAccess",
                            "policy_arn": "arn:aws:iam::aws:policy/AmazonEC2ContainerRegistryFullAccess",
                            "user": "github-actions-deploy-user"
                        },
                        "meta": {
                            "schema_version": 0
                        },
                        "tainted": false
                    },
                    "deposed": [],
                    "provider": "provider.aws"
                },
                "aws_iam_user_policy_attachment.tfer--github-actions-deploy-user_AmazonEKSClusterPolicy": {
                    "type": "aws_iam_user_policy_attachment",
                    "depends_on": [],
                    "primary": {
                        "id": "github-actions-deploy-user/arn:aws:iam::aws:policy/AmazonEKSClusterPolicy",
                        "attributes": {
                            "id": "github-actions-deploy-user/arn:aws:iam::aws:policy/AmazonEKSClusterPolicy",
                            "policy_arn": "arn:aws:iam::aws:policy/AmazonEKSClusterPolicy",
                            "user": "github-actions-deploy-user"
                        },
                        "meta": {
                            "schema_version": 0
                        },
                        "tainted": false
                    },
                    "deposed": [],
                    "provider": "provider.aws"
                },
                "aws_iam_user_policy_attachment.tfer--github-actions-deploy-user_AmazonEKSWorkerNodePolicy": {
                    "type": "aws_iam_user_policy_attachment",
                    "depends_on": [],
                    "primary": {
                        "id": "github-actions-deploy-user/arn:aws:iam::aws:policy/AmazonEKSWorkerNodePolicy",
                        "attributes": {
                            "id": "github-actions-deploy-user/arn:aws:iam::aws:policy/AmazonEKSWorkerNodePolicy",
                            "policy_arn": "arn:aws:iam::aws:policy/AmazonEKSWorkerNodePolicy",
                            "user": "github-actions-deploy-user"
                        },
                        "meta": {
                            "schema_version": 0
                        },
                        "tainted": false
                    },
                    "deposed": [],
                    "provider": "provider.aws"
                },
                "aws_iam_user_policy_attachment.tfer--godori1012_IAMUserChangePassword": {
                    "type": "aws_iam_user_policy_attachment",
                    "depends_on": [],
                    "primary": {
                        "id": "godori1012/arn:aws:iam::aws:policy/IAMUserChangePassword",
                        "attributes": {
                            "id": "godori1012/arn:aws:iam::aws:policy/IAMUserChangePassword",
                            "policy_arn": "arn:aws:iam::aws:policy/IAMUserChangePassword",
                            "user": "godori1012"
                        },
                        "meta": {
                            "schema_version": 0
                        },
                        "tainted": false
                    },
                    "deposed": [],
                    "provider": "provider.aws"
                },
                "aws_iam_user_policy_attachment.tfer--hako5460_IAMUserChangePassword": {
                    "type": "aws_iam_user_policy_attachment",
                    "depends_on": [],
                    "primary": {
                        "id": "hako5460/arn:aws:iam::aws:policy/IAMUserChangePassword",
                        "attributes": {
                            "id": "hako5460/arn:aws:iam::aws:policy/IAMUserChangePassword",
                            "policy_arn": "arn:aws:iam::aws:policy/IAMUserChangePassword",
                            "user": "hako5460"
                        },
                        "meta": {
                            "schema_version": 0
                        },
                        "tainted": false
                    },
                    "deposed": [],
                    "provider": "provider.aws"
                },
                "aws_iam_user_policy_attachment.tfer--k8s_AmazonEC2ContainerRegistryFullAccess": {
                    "type": "aws_iam_user_policy_attachment",
                    "depends_on": [],
                    "primary": {
                        "id": "k8s/arn:aws:iam::aws:policy/AmazonEC2ContainerRegistryFullAccess",
                        "attributes": {
                            "id": "k8s/arn:aws:iam::aws:policy/AmazonEC2ContainerRegistryFullAccess",
                            "policy_arn": "arn:aws:iam::aws:policy/AmazonEC2ContainerRegistryFullAccess",
                            "user": "k8s"
                        },
                        "meta": {
                            "schema_version": 0
                        },
                        "tainted": false
                    },
                    "deposed": [],
                    "provider": "provider.aws"
                },
                "aws_iam_user_policy_attachment.tfer--k8s_AmazonEKSServicePolicy": {
                    "type": "aws_iam_user_policy_attachment",
                    "depends_on": [],
                    "primary": {
                        "id": "k8s/arn:aws:iam::aws:policy/AmazonEKSServicePolicy",
                        "attributes": {
                            "id": "k8s/arn:aws:iam::aws:policy/AmazonEKSServicePolicy",
                            "policy_arn": "arn:aws:iam::aws:policy/AmazonEKSServicePolicy",
                            "user": "k8s"
                        },
                        "meta": {
                            "schema_version": 0
                        },
                        "tainted": false
                    },
                    "deposed": [],
                    "provider": "provider.aws"
                },
                "aws_iam_user_policy_attachment.tfer--k8s_AmazonEKSVPCResourceController": {
                    "type": "aws_iam_user_policy_attachment",
                    "depends_on": [],
                    "primary": {
                        "id": "k8s/arn:aws:iam::aws:policy/AmazonEKSVPCResourceController",
                        "attributes": {
                            "id": "k8s/arn:aws:iam::aws:policy/AmazonEKSVPCResourceController",
                            "policy_arn": "arn:aws:iam::aws:policy/AmazonEKSVPCResourceController",
                            "user": "k8s"
                        },
                        "meta": {
                            "schema_version": 0
                        },
                        "tainted": false
                    },
                    "deposed": [],
                    "provider": "provider.aws"
                },
                "aws_iam_user_policy_attachment.tfer--k8s_AmazonEKSWorkerNodePolicy": {
                    "type": "aws_iam_user_policy_attachment",
                    "depends_on": [],
                    "primary": {
                        "id": "k8s/arn:aws:iam::aws:policy/AmazonEKSWorkerNodePolicy",
                        "attributes": {
                            "id": "k8s/arn:aws:iam::aws:policy/AmazonEKSWorkerNodePolicy",
                            "policy_arn": "arn:aws:iam::aws:policy/AmazonEKSWorkerNodePolicy",
                            "user": "k8s"
                        },
                        "meta": {
                            "schema_version": 0
                        },
                        "tainted": false
                    },
                    "deposed": [],
                    "provider": "provider.aws"
                },
                "aws_iam_user_policy_attachment.tfer--k8s_AmazonEKS_CNI_Policy": {
                    "type": "aws_iam_user_policy_attachment",
                    "depends_on": [],
                    "primary": {
                        "id": "k8s/arn:aws:iam::aws:policy/AmazonEKS_CNI_Policy",
                        "attributes": {
                            "id": "k8s/arn:aws:iam::aws:policy/AmazonEKS_CNI_Policy",
                            "policy_arn": "arn:aws:iam::aws:policy/AmazonEKS_CNI_Policy",
                            "user": "k8s"
                        },
                        "meta": {
                            "schema_version": 0
                        },
                        "tainted": false
                    },
                    "deposed": [],
                    "provider": "provider.aws"
                },
                "aws_iam_user_policy_attachment.tfer--k8s_ElasticLoadBalancingFullAccess": {
                    "type": "aws_iam_user_policy_attachment",
                    "depends_on": [],
                    "primary": {
                        "id": "k8s/arn:aws:iam::aws:policy/ElasticLoadBalancingFullAccess",
                        "attributes": {
                            "id": "k8s/arn:aws:iam::aws:policy/ElasticLoadBalancingFullAccess",
                            "policy_arn": "arn:aws:iam::aws:policy/ElasticLoadBalancingFullAccess",
                            "user": "k8s"
                        },
                        "meta": {
                            "schema_version": 0
                        },
                        "tainted": false
                    },
                    "deposed": [],
                    "provider": "provider.aws"
                },
                "aws_iam_user_policy_attachment.tfer--splunk-kinesis-reader_AmazonDynamoDBFullAccess": {
                    "type": "aws_iam_user_policy_attachment",
                    "depends_on": [],
                    "primary": {
                        "id": "splunk-kinesis-reader/arn:aws:iam::aws:policy/AmazonDynamoDBFullAccess",
                        "attributes": {
                            "id": "splunk-kinesis-reader/arn:aws:iam::aws:policy/AmazonDynamoDBFullAccess",
                            "policy_arn": "arn:aws:iam::aws:policy/AmazonDynamoDBFullAccess",
                            "user": "splunk-kinesis-reader"
                        },
                        "meta": {
                            "schema_version": 0
                        },
                        "tainted": false
                    },
                    "deposed": [],
                    "provider": "provider.aws"
                },
                "aws_iam_user_policy_attachment.tfer--splunk-kinesis-reader_AmazonKinesisReadOnlyAccess": {
                    "type": "aws_iam_user_policy_attachment",
                    "depends_on": [],
                    "primary": {
                        "id": "splunk-kinesis-reader/arn:aws:iam::aws:policy/AmazonKinesisReadOnlyAccess",
                        "attributes": {
                            "id": "splunk-kinesis-reader/arn:aws:iam::aws:policy/AmazonKinesisReadOnlyAccess",
                            "policy_arn": "arn:aws:iam::aws:policy/AmazonKinesisReadOnlyAccess",
                            "user": "splunk-kinesis-reader"
                        },
                        "meta": {
                            "schema_version": 0
                        },
                        "tainted": false
                    },
                    "deposed": [],
                    "provider": "provider.aws"
                },
                "aws_iam_user_policy_attachment.tfer--splunk_addon_AmazonS3ReadOnlyAccess": {
                    "type": "aws_iam_user_policy_attachment",
                    "depends_on": [],
                    "primary": {
                        "id": "splunk_addon/arn:aws:iam::aws:policy/AmazonS3ReadOnlyAccess",
                        "attributes": {
                            "id": "splunk_addon/arn:aws:iam::aws:policy/AmazonS3ReadOnlyAccess",
                            "policy_arn": "arn:aws:iam::aws:policy/AmazonS3ReadOnlyAccess",
                            "user": "splunk_addon"
                        },
                        "meta": {
                            "schema_version": 0
                        },
                        "tainted": false
                    },
                    "deposed": [],
                    "provider": "provider.aws"
                },
                "aws_iam_user_policy_attachment.tfer--xogoon_IAMUserChangePassword": {
                    "type": "aws_iam_user_policy_attachment",
                    "depends_on": [],
                    "primary": {
                        "id": "xogoon/arn:aws:iam::aws:policy/IAMUserChangePassword",
                        "attributes": {
                            "id": "xogoon/arn:aws:iam::aws:policy/IAMUserChangePassword",
                            "policy_arn": "arn:aws:iam::aws:policy/IAMUserChangePassword",
                            "user": "xogoon"
                        },
                        "meta": {
                            "schema_version": 0
                        },
                        "tainted": false
                    },
                    "deposed": [],
                    "provider": "provider.aws"
                }
            },
            "depends_on": []
        }
    ]
}
